// !$*UTF8*$!
{
	archiveVersion = 1;
	classes = {
	};
	objectVersion = 50;
	objects = {

/* Begin PBXBuildFile section */
		7B04800621BE12CB0013FBB1 /* FirstWhereFunctionViewController.swift in Sources */ = {isa = PBXBuildFile; fileRef = 7B04800521BE12CB0013FBB1 /* FirstWhereFunctionViewController.swift */; };
		7B04800921BE2FBE0013FBB1 /* AllSatisfyFunctionViewController.swift in Sources */ = {isa = PBXBuildFile; fileRef = 7B04800821BE2FBE0013FBB1 /* AllSatisfyFunctionViewController.swift */; };
		7B04800C21BE34C00013FBB1 /* SimpleDeferFunctionViewController.swift in Sources */ = {isa = PBXBuildFile; fileRef = 7B04800B21BE34C00013FBB1 /* SimpleDeferFunctionViewController.swift */; };
		7B37D25821B7639C00B3AF74 /* DismissKeyboardInteractivivelyViewController.swift in Sources */ = {isa = PBXBuildFile; fileRef = 7B37D25721B7639C00B3AF74 /* DismissKeyboardInteractivivelyViewController.swift */; };
		7B37D25B21B7640100B3AF74 /* OneTimeCodeViewController.swift in Sources */ = {isa = PBXBuildFile; fileRef = 7B37D25A21B7640100B3AF74 /* OneTimeCodeViewController.swift */; };
		7B37D26021B76D6B00B3AF74 /* FilterFunctionViewController.swift in Sources */ = {isa = PBXBuildFile; fileRef = 7B37D25F21B76D6B00B3AF74 /* FilterFunctionViewController.swift */; };
		7B37D26321B76ECF00B3AF74 /* GuardOptionalBindingViewController.swift in Sources */ = {isa = PBXBuildFile; fileRef = 7B37D26221B76ECF00B3AF74 /* GuardOptionalBindingViewController.swift */; };
		7B4C5D4921B619AD00460D9E /* UIColorConvenienceInit.swift in Sources */ = {isa = PBXBuildFile; fileRef = 7B4C5D4821B619AD00460D9E /* UIColorConvenienceInit.swift */; };
		7B4C5D4C21B61B2B00460D9E /* MemberShortHand.swift in Sources */ = {isa = PBXBuildFile; fileRef = 7B4C5D4B21B61B2B00460D9E /* MemberShortHand.swift */; };
		7BA5D12421B4CB0A0017FB3A /* AppDelegate.swift in Sources */ = {isa = PBXBuildFile; fileRef = 7BA5D12321B4CB0A0017FB3A /* AppDelegate.swift */; };
		7BA5D12621B4CB0A0017FB3A /* ViewController.swift in Sources */ = {isa = PBXBuildFile; fileRef = 7BA5D12521B4CB0A0017FB3A /* ViewController.swift */; };
		7BA5D12921B4CB0A0017FB3A /* Main.storyboard in Resources */ = {isa = PBXBuildFile; fileRef = 7BA5D12721B4CB0A0017FB3A /* Main.storyboard */; };
		7BA5D12B21B4CB0D0017FB3A /* Assets.xcassets in Resources */ = {isa = PBXBuildFile; fileRef = 7BA5D12A21B4CB0D0017FB3A /* Assets.xcassets */; };
		7BA5D12E21B4CB0D0017FB3A /* LaunchScreen.storyboard in Resources */ = {isa = PBXBuildFile; fileRef = 7BA5D12C21B4CB0D0017FB3A /* LaunchScreen.storyboard */; };
		7BA5D13721B4CB620017FB3A /* AddSubviewExtension.swift in Sources */ = {isa = PBXBuildFile; fileRef = 7BA5D13621B4CB620017FB3A /* AddSubviewExtension.swift */; };
		7BA5D13C21B4CE350017FB3A /* StaticFactoryMethodsForUILabel.swift in Sources */ = {isa = PBXBuildFile; fileRef = 7BA5D13B21B4CE350017FB3A /* StaticFactoryMethodsForUILabel.swift */; };
/* End PBXBuildFile section */

/* Begin PBXFileReference section */
		7B04800521BE12CB0013FBB1 /* FirstWhereFunctionViewController.swift */ = {isa = PBXFileReference; lastKnownFileType = sourcecode.swift; path = FirstWhereFunctionViewController.swift; sourceTree = "<group>"; };
		7B04800821BE2FBE0013FBB1 /* AllSatisfyFunctionViewController.swift */ = {isa = PBXFileReference; lastKnownFileType = sourcecode.swift; path = AllSatisfyFunctionViewController.swift; sourceTree = "<group>"; };
		7B04800B21BE34C00013FBB1 /* SimpleDeferFunctionViewController.swift */ = {isa = PBXFileReference; lastKnownFileType = sourcecode.swift; path = SimpleDeferFunctionViewController.swift; sourceTree = "<group>"; };
		7B37D25721B7639C00B3AF74 /* DismissKeyboardInteractivivelyViewController.swift */ = {isa = PBXFileReference; lastKnownFileType = sourcecode.swift; path = DismissKeyboardInteractivivelyViewController.swift; sourceTree = "<group>"; };
		7B37D25A21B7640100B3AF74 /* OneTimeCodeViewController.swift */ = {isa = PBXFileReference; lastKnownFileType = sourcecode.swift; path = OneTimeCodeViewController.swift; sourceTree = "<group>"; };
		7B37D25F21B76D6B00B3AF74 /* FilterFunctionViewController.swift */ = {isa = PBXFileReference; lastKnownFileType = sourcecode.swift; path = FilterFunctionViewController.swift; sourceTree = "<group>"; };
		7B37D26221B76ECF00B3AF74 /* GuardOptionalBindingViewController.swift */ = {isa = PBXFileReference; lastKnownFileType = sourcecode.swift; path = GuardOptionalBindingViewController.swift; sourceTree = "<group>"; };
		7B4C5D4821B619AD00460D9E /* UIColorConvenienceInit.swift */ = {isa = PBXFileReference; lastKnownFileType = sourcecode.swift; path = UIColorConvenienceInit.swift; sourceTree = "<group>"; };
		7B4C5D4B21B61B2B00460D9E /* MemberShortHand.swift */ = {isa = PBXFileReference; lastKnownFileType = sourcecode.swift; path = MemberShortHand.swift; sourceTree = "<group>"; };
		7BA5D12021B4CB0A0017FB3A /* Swift-Deily-Tips.app */ = {isa = PBXFileReference; explicitFileType = wrapper.application; includeInIndex = 0; path = "Swift-Deily-Tips.app"; sourceTree = BUILT_PRODUCTS_DIR; };
		7BA5D12321B4CB0A0017FB3A /* AppDelegate.swift */ = {isa = PBXFileReference; lastKnownFileType = sourcecode.swift; path = AppDelegate.swift; sourceTree = "<group>"; };
		7BA5D12521B4CB0A0017FB3A /* ViewController.swift */ = {isa = PBXFileReference; lastKnownFileType = sourcecode.swift; path = ViewController.swift; sourceTree = "<group>"; };
		7BA5D12821B4CB0A0017FB3A /* Base */ = {isa = PBXFileReference; lastKnownFileType = file.storyboard; name = Base; path = Base.lproj/Main.storyboard; sourceTree = "<group>"; };
		7BA5D12A21B4CB0D0017FB3A /* Assets.xcassets */ = {isa = PBXFileReference; lastKnownFileType = folder.assetcatalog; path = Assets.xcassets; sourceTree = "<group>"; };
		7BA5D12D21B4CB0D0017FB3A /* Base */ = {isa = PBXFileReference; lastKnownFileType = file.storyboard; name = Base; path = Base.lproj/LaunchScreen.storyboard; sourceTree = "<group>"; };
		7BA5D12F21B4CB0D0017FB3A /* Info.plist */ = {isa = PBXFileReference; lastKnownFileType = text.plist.xml; path = Info.plist; sourceTree = "<group>"; };
		7BA5D13621B4CB620017FB3A /* AddSubviewExtension.swift */ = {isa = PBXFileReference; lastKnownFileType = sourcecode.swift; path = AddSubviewExtension.swift; sourceTree = "<group>"; };
		7BA5D13B21B4CE350017FB3A /* StaticFactoryMethodsForUILabel.swift */ = {isa = PBXFileReference; lastKnownFileType = sourcecode.swift; path = StaticFactoryMethodsForUILabel.swift; sourceTree = "<group>"; };
/* End PBXFileReference section */

/* Begin PBXFrameworksBuildPhase section */
		7BA5D11D21B4CB0A0017FB3A /* Frameworks */ = {
			isa = PBXFrameworksBuildPhase;
			buildActionMask = 2147483647;
			files = (
			);
			runOnlyForDeploymentPostprocessing = 0;
		};
/* End PBXFrameworksBuildPhase section */

/* Begin PBXGroup section */
		7B04800421BE12B10013FBB1 /* 9 FirstWhereFunction */ = {
			isa = PBXGroup;
			children = (
				7B04800521BE12CB0013FBB1 /* FirstWhereFunctionViewController.swift */,
			);
			path = "9 FirstWhereFunction";
			sourceTree = "<group>";
		};
		7B04800721BE2FAB0013FBB1 /* 10 AllSatisfyFunction */ = {
			isa = PBXGroup;
			children = (
				7B04800821BE2FBE0013FBB1 /* AllSatisfyFunctionViewController.swift */,
			);
			path = "10 AllSatisfyFunction";
			sourceTree = "<group>";
		};
		7B04800A21BE34AD0013FBB1 /* 11 SimpleDeferFunction */ = {
			isa = PBXGroup;
			children = (
				7B04800B21BE34C00013FBB1 /* SimpleDeferFunctionViewController.swift */,
			);
			path = "11 SimpleDeferFunction";
			sourceTree = "<group>";
		};
		7B37D25621B7636E00B3AF74 /* 5 DismissKeyboardInteractivively */ = {
			isa = PBXGroup;
			children = (
				7B37D25721B7639C00B3AF74 /* DismissKeyboardInteractivivelyViewController.swift */,
			);
			path = "5 DismissKeyboardInteractivively";
			sourceTree = "<group>";
		};
		7B37D25921B763F200B3AF74 /* 6 OneTimeCode */ = {
			isa = PBXGroup;
			children = (
				7B37D25A21B7640100B3AF74 /* OneTimeCodeViewController.swift */,
			);
			path = "6 OneTimeCode";
			sourceTree = "<group>";
		};
		7B37D25C21B76A6700B3AF74 /* 7 FilterFunction */ = {
			isa = PBXGroup;
			children = (
				7B37D25F21B76D6B00B3AF74 /* FilterFunctionViewController.swift */,
			);
			path = "7 FilterFunction";
			sourceTree = "<group>";
		};
		7B37D26121B76EB500B3AF74 /* 8 GuardOptionalBinding */ = {
			isa = PBXGroup;
			children = (
				7B37D26221B76ECF00B3AF74 /* GuardOptionalBindingViewController.swift */,
			);
			path = "8 GuardOptionalBinding";
			sourceTree = "<group>";
		};
		7B4C5D4721B6199000460D9E /* 3 UIColorConvenienceInit */ = {
			isa = PBXGroup;
			children = (
				7B4C5D4821B619AD00460D9E /* UIColorConvenienceInit.swift */,
			);
			path = "3 UIColorConvenienceInit";
			sourceTree = "<group>";
		};
		7B4C5D4A21B61B1200460D9E /* 4 MemberShortHand */ = {
			isa = PBXGroup;
			children = (
				7B4C5D4B21B61B2B00460D9E /* MemberShortHand.swift */,
			);
			path = "4 MemberShortHand";
			sourceTree = "<group>";
		};
		7BA5D11721B4CB0A0017FB3A = {
			isa = PBXGroup;
			children = (
				7BA5D12221B4CB0A0017FB3A /* Swift-Deily-Tips */,
				7BA5D12121B4CB0A0017FB3A /* Products */,
			);
			sourceTree = "<group>";
		};
		7BA5D12121B4CB0A0017FB3A /* Products */ = {
			isa = PBXGroup;
			children = (
				7BA5D12021B4CB0A0017FB3A /* Swift-Deily-Tips.app */,
			);
			name = Products;
			sourceTree = "<group>";
		};
		7BA5D12221B4CB0A0017FB3A /* Swift-Deily-Tips */ = {
			isa = PBXGroup;
			children = (
				7B04800A21BE34AD0013FBB1 /* 11 SimpleDeferFunction */,
				7B04800721BE2FAB0013FBB1 /* 10 AllSatisfyFunction */,
				7B04800421BE12B10013FBB1 /* 9 FirstWhereFunction */,
				7B37D26121B76EB500B3AF74 /* 8 GuardOptionalBinding */,
				7B37D25C21B76A6700B3AF74 /* 7 FilterFunction */,
				7B37D25921B763F200B3AF74 /* 6 OneTimeCode */,
				7B37D25621B7636E00B3AF74 /* 5 DismissKeyboardInteractivively */,
				7B4C5D4A21B61B1200460D9E /* 4 MemberShortHand */,
				7B4C5D4721B6199000460D9E /* 3 UIColorConvenienceInit */,
				7BA5D13821B4CE070017FB3A /* 2StaticFactoryMethodsForUILabel */,
				7BA5D13521B4CB390017FB3A /* 1AddSubviewExtension */,
				7BA5D12321B4CB0A0017FB3A /* AppDelegate.swift */,
				7BA5D12521B4CB0A0017FB3A /* ViewController.swift */,
				7BA5D12721B4CB0A0017FB3A /* Main.storyboard */,
				7BA5D12A21B4CB0D0017FB3A /* Assets.xcassets */,
				7BA5D12C21B4CB0D0017FB3A /* LaunchScreen.storyboard */,
				7BA5D12F21B4CB0D0017FB3A /* Info.plist */,
			);
			path = "Swift-Deily-Tips";
			sourceTree = "<group>";
		};
		7BA5D13521B4CB390017FB3A /* 1AddSubviewExtension */ = {
			isa = PBXGroup;
			children = (
				7BA5D13621B4CB620017FB3A /* AddSubviewExtension.swift */,
			);
			path = 1AddSubviewExtension;
			sourceTree = "<group>";
		};
		7BA5D13821B4CE070017FB3A /* 2StaticFactoryMethodsForUILabel */ = {
			isa = PBXGroup;
			children = (
				7BA5D13B21B4CE350017FB3A /* StaticFactoryMethodsForUILabel.swift */,
			);
			path = 2StaticFactoryMethodsForUILabel;
			sourceTree = "<group>";
		};
/* End PBXGroup section */

/* Begin PBXNativeTarget section */
		7BA5D11F21B4CB0A0017FB3A /* Swift-Deily-Tips */ = {
			isa = PBXNativeTarget;
			buildConfigurationList = 7BA5D13221B4CB0D0017FB3A /* Build configuration list for PBXNativeTarget "Swift-Deily-Tips" */;
			buildPhases = (
				7BA5D11C21B4CB0A0017FB3A /* Sources */,
				7BA5D11D21B4CB0A0017FB3A /* Frameworks */,
				7BA5D11E21B4CB0A0017FB3A /* Resources */,
			);
			buildRules = (
			);
			dependencies = (
			);
			name = "Swift-Deily-Tips";
			productName = "Swift-Deily-Tips";
			productReference = 7BA5D12021B4CB0A0017FB3A /* Swift-Deily-Tips.app */;
			productType = "com.apple.product-type.application";
		};
/* End PBXNativeTarget section */

/* Begin PBXProject section */
		7BA5D11821B4CB0A0017FB3A /* Project object */ = {
			isa = PBXProject;
			attributes = {
				LastSwiftUpdateCheck = 1010;
				LastUpgradeCheck = 1010;
				ORGANIZATIONNAME = dev;
				TargetAttributes = {
					7BA5D11F21B4CB0A0017FB3A = {
						CreatedOnToolsVersion = 10.1;
					};
				};
			};
			buildConfigurationList = 7BA5D11B21B4CB0A0017FB3A /* Build configuration list for PBXProject "Swift-Deily-Tips" */;
			compatibilityVersion = "Xcode 9.3";
			developmentRegion = en;
			hasScannedForEncodings = 0;
			knownRegions = (
				en,
				Base,
			);
			mainGroup = 7BA5D11721B4CB0A0017FB3A;
			productRefGroup = 7BA5D12121B4CB0A0017FB3A /* Products */;
			projectDirPath = "";
			projectRoot = "";
			targets = (
				7BA5D11F21B4CB0A0017FB3A /* Swift-Deily-Tips */,
			);
		};
/* End PBXProject section */

/* Begin PBXResourcesBuildPhase section */
		7BA5D11E21B4CB0A0017FB3A /* Resources */ = {
			isa = PBXResourcesBuildPhase;
			buildActionMask = 2147483647;
			files = (
				7BA5D12E21B4CB0D0017FB3A /* LaunchScreen.storyboard in Resources */,
				7BA5D12B21B4CB0D0017FB3A /* Assets.xcassets in Resources */,
				7BA5D12921B4CB0A0017FB3A /* Main.storyboard in Resources */,
			);
			runOnlyForDeploymentPostprocessing = 0;
		};
/* End PBXResourcesBuildPhase section */

/* Begin PBXSourcesBuildPhase section */
		7BA5D11C21B4CB0A0017FB3A /* Sources */ = {
			isa = PBXSourcesBuildPhase;
			buildActionMask = 2147483647;
			files = (
				7BA5D13C21B4CE350017FB3A /* StaticFactoryMethodsForUILabel.swift in Sources */,
				7BA5D12621B4CB0A0017FB3A /* ViewController.swift in Sources */,
				7B37D26321B76ECF00B3AF74 /* GuardOptionalBindingViewController.swift in Sources */,
				7BA5D12421B4CB0A0017FB3A /* AppDelegate.swift in Sources */,
				7B04800C21BE34C00013FBB1 /* SimpleDeferFunctionViewController.swift in Sources */,
				7B4C5D4C21B61B2B00460D9E /* MemberShortHand.swift in Sources */,
				7B04800621BE12CB0013FBB1 /* FirstWhereFunctionViewController.swift in Sources */,
				7B04800921BE2FBE0013FBB1 /* AllSatisfyFunctionViewController.swift in Sources */,
				7B4C5D4921B619AD00460D9E /* UIColorConvenienceInit.swift in Sources */,
				7B37D25B21B7640100B3AF74 /* OneTimeCodeViewController.swift in Sources */,
				7B37D25821B7639C00B3AF74 /* DismissKeyboardInteractivivelyViewController.swift in Sources */,
				7B37D26021B76D6B00B3AF74 /* FilterFunctionViewController.swift in Sources */,
				7BA5D13721B4CB620017FB3A /* AddSubviewExtension.swift in Sources */,
			);
			runOnlyForDeploymentPostprocessing = 0;
		};
/* End PBXSourcesBuildPhase section */

/* Begin PBXVariantGroup section */
		7BA5D12721B4CB0A0017FB3A /* Main.storyboard */ = {
			isa = PBXVariantGroup;
			children = (
				7BA5D12821B4CB0A0017FB3A /* Base */,
			);
			name = Main.storyboard;
			sourceTree = "<group>";
		};
		7BA5D12C21B4CB0D0017FB3A /* LaunchScreen.storyboard */ = {
			isa = PBXVariantGroup;
			children = (
				7BA5D12D21B4CB0D0017FB3A /* Base */,
			);
			name = LaunchScreen.storyboard;
			sourceTree = "<group>";
		};
/* End PBXVariantGroup section */

/* Begin XCBuildConfiguration section */
		7BA5D13021B4CB0D0017FB3A /* Debug */ = {
			isa = XCBuildConfiguration;
			buildSettings = {
				ALWAYS_SEARCH_USER_PATHS = NO;
				CLANG_ANALYZER_NONNULL = YES;
				CLANG_ANALYZER_NUMBER_OBJECT_CONVERSION = YES_AGGRESSIVE;
				CLANG_CXX_LANGUAGE_STANDARD = "gnu++14";
				CLANG_CXX_LIBRARY = "libc++";
				CLANG_ENABLE_MODULES = YES;
				CLANG_ENABLE_OBJC_ARC = YES;
				CLANG_ENABLE_OBJC_WEAK = YES;
				CLANG_WARN_BLOCK_CAPTURE_AUTORELEASING = YES;
				CLANG_WARN_BOOL_CONVERSION = YES;
				CLANG_WARN_COMMA = YES;
				CLANG_WARN_CONSTANT_CONVERSION = YES;
				CLANG_WARN_DEPRECATED_OBJC_IMPLEMENTATIONS = YES;
				CLANG_WARN_DIRECT_OBJC_ISA_USAGE = YES_ERROR;
				CLANG_WARN_DOCUMENTATION_COMMENTS = YES;
				CLANG_WARN_EMPTY_BODY = YES;
				CLANG_WARN_ENUM_CONVERSION = YES;
				CLANG_WARN_INFINITE_RECURSION = YES;
				CLANG_WARN_INT_CONVERSION = YES;
				CLANG_WARN_NON_LITERAL_NULL_CONVERSION = YES;
				CLANG_WARN_OBJC_IMPLICIT_RETAIN_SELF = YES;
				CLANG_WARN_OBJC_LITERAL_CONVERSION = YES;
				CLANG_WARN_OBJC_ROOT_CLASS = YES_ERROR;
				CLANG_WARN_RANGE_LOOP_ANALYSIS = YES;
				CLANG_WARN_STRICT_PROTOTYPES = YES;
				CLANG_WARN_SUSPICIOUS_MOVE = YES;
				CLANG_WARN_UNGUARDED_AVAILABILITY = YES_AGGRESSIVE;
				CLANG_WARN_UNREACHABLE_CODE = YES;
				CLANG_WARN__DUPLICATE_METHOD_MATCH = YES;
				CODE_SIGN_IDENTITY = "iPhone Developer";
				COPY_PHASE_STRIP = NO;
				DEBUG_INFORMATION_FORMAT = dwarf;
				ENABLE_STRICT_OBJC_MSGSEND = YES;
				ENABLE_TESTABILITY = YES;
				GCC_C_LANGUAGE_STANDARD = gnu11;
				GCC_DYNAMIC_NO_PIC = NO;
				GCC_NO_COMMON_BLOCKS = YES;
				GCC_OPTIMIZATION_LEVEL = 0;
				GCC_PREPROCESSOR_DEFINITIONS = (
					"DEBUG=1",
					"$(inherited)",
				);
				GCC_WARN_64_TO_32_BIT_CONVERSION = YES;
				GCC_WARN_ABOUT_RETURN_TYPE = YES_ERROR;
				GCC_WARN_UNDECLARED_SELECTOR = YES;
				GCC_WARN_UNINITIALIZED_AUTOS = YES_AGGRESSIVE;
				GCC_WARN_UNUSED_FUNCTION = YES;
				GCC_WARN_UNUSED_VARIABLE = YES;
				IPHONEOS_DEPLOYMENT_TARGET = 12.1;
				MTL_ENABLE_DEBUG_INFO = INCLUDE_SOURCE;
				MTL_FAST_MATH = YES;
				ONLY_ACTIVE_ARCH = YES;
				SDKROOT = iphoneos;
				SWIFT_ACTIVE_COMPILATION_CONDITIONS = DEBUG;
				SWIFT_OPTIMIZATION_LEVEL = "-Onone";
			};
			name = Debug;
		};
		7BA5D13121B4CB0D0017FB3A /* Release */ = {
			isa = XCBuildConfiguration;
			buildSettings = {
				ALWAYS_SEARCH_USER_PATHS = NO;
				CLANG_ANALYZER_NONNULL = YES;
				CLANG_ANALYZER_NUMBER_OBJECT_CONVERSION = YES_AGGRESSIVE;
				CLANG_CXX_LANGUAGE_STANDARD = "gnu++14";
				CLANG_CXX_LIBRARY = "libc++";
				CLANG_ENABLE_MODULES = YES;
				CLANG_ENABLE_OBJC_ARC = YES;
				CLANG_ENABLE_OBJC_WEAK = YES;
				CLANG_WARN_BLOCK_CAPTURE_AUTORELEASING = YES;
				CLANG_WARN_BOOL_CONVERSION = YES;
				CLANG_WARN_COMMA = YES;
				CLANG_WARN_CONSTANT_CONVERSION = YES;
				CLANG_WARN_DEPRECATED_OBJC_IMPLEMENTATIONS = YES;
				CLANG_WARN_DIRECT_OBJC_ISA_USAGE = YES_ERROR;
				CLANG_WARN_DOCUMENTATION_COMMENTS = YES;
				CLANG_WARN_EMPTY_BODY = YES;
				CLANG_WARN_ENUM_CONVERSION = YES;
				CLANG_WARN_INFINITE_RECURSION = YES;
				CLANG_WARN_INT_CONVERSION = YES;
				CLANG_WARN_NON_LITERAL_NULL_CONVERSION = YES;
				CLANG_WARN_OBJC_IMPLICIT_RETAIN_SELF = YES;
				CLANG_WARN_OBJC_LITERAL_CONVERSION = YES;
				CLANG_WARN_OBJC_ROOT_CLASS = YES_ERROR;
				CLANG_WARN_RANGE_LOOP_ANALYSIS = YES;
				CLANG_WARN_STRICT_PROTOTYPES = YES;
				CLANG_WARN_SUSPICIOUS_MOVE = YES;
				CLANG_WARN_UNGUARDED_AVAILABILITY = YES_AGGRESSIVE;
				CLANG_WARN_UNREACHABLE_CODE = YES;
				CLANG_WARN__DUPLICATE_METHOD_MATCH = YES;
				CODE_SIGN_IDENTITY = "iPhone Developer";
				COPY_PHASE_STRIP = NO;
				DEBUG_INFORMATION_FORMAT = "dwarf-with-dsym";
				ENABLE_NS_ASSERTIONS = NO;
				ENABLE_STRICT_OBJC_MSGSEND = YES;
				GCC_C_LANGUAGE_STANDARD = gnu11;
				GCC_NO_COMMON_BLOCKS = YES;
				GCC_WARN_64_TO_32_BIT_CONVERSION = YES;
				GCC_WARN_ABOUT_RETURN_TYPE = YES_ERROR;
				GCC_WARN_UNDECLARED_SELECTOR = YES;
				GCC_WARN_UNINITIALIZED_AUTOS = YES_AGGRESSIVE;
				GCC_WARN_UNUSED_FUNCTION = YES;
				GCC_WARN_UNUSED_VARIABLE = YES;
				IPHONEOS_DEPLOYMENT_TARGET = 12.1;
				MTL_ENABLE_DEBUG_INFO = NO;
				MTL_FAST_MATH = YES;
				SDKROOT = iphoneos;
				SWIFT_COMPILATION_MODE = wholemodule;
				SWIFT_OPTIMIZATION_LEVEL = "-O";
				VALIDATE_PRODUCT = YES;
			};
			name = Release;
		};
		7BA5D13321B4CB0D0017FB3A /* Debug */ = {
			isa = XCBuildConfiguration;
			buildSettings = {
				ASSETCATALOG_COMPILER_APPICON_NAME = AppIcon;
				CODE_SIGN_STYLE = Manual;
				DEVELOPMENT_TEAM = "";
				INFOPLIST_FILE = "Swift-Deily-Tips/Info.plist";
				IPHONEOS_DEPLOYMENT_TARGET = 9.0;
				LD_RUNPATH_SEARCH_PATHS = (
					"$(inherited)",
					"@executable_path/Frameworks",
				);
				PRODUCT_BUNDLE_IDENTIFIER = "dev.qin.Swift-Deily-Tips";
				PRODUCT_NAME = "$(TARGET_NAME)";
				PROVISIONING_PROFILE_SPECIFIER = "";
				SWIFT_VERSION = 4.2;
				TARGETED_DEVICE_FAMILY = "1,2";
			};
			name = Debug;
		};
		7BA5D13421B4CB0D0017FB3A /* Release */ = {
			isa = XCBuildConfiguration;
			buildSettings = {
				ASSETCATALOG_COMPILER_APPICON_NAME = AppIcon;
				CODE_SIGN_STYLE = Manual;
				DEVELOPMENT_TEAM = "";
				INFOPLIST_FILE = "Swift-Deily-Tips/Info.plist";
				IPHONEOS_DEPLOYMENT_TARGET = 9.0;
				LD_RUNPATH_SEARCH_PATHS = (
					"$(inherited)",
					"@executable_path/Frameworks",
				);
				PRODUCT_BUNDLE_IDENTIFIER = "dev.qin.Swift-Deily-Tips";
				PRODUCT_NAME = "$(TARGET_NAME)";
				PROVISIONING_PROFILE_SPECIFIER = "";
				SWIFT_VERSION = 4.2;
				TARGETED_DEVICE_FAMILY = "1,2";
			};
			name = Release;
		};
/* End XCBuildConfiguration section */

/* Begin XCConfigurationList section */
		7BA5D11B21B4CB0A0017FB3A /* Build configuration list for PBXProject "Swift-Deily-Tips" */ = {
			isa = XCConfigurationList;
			buildConfigurations = (
				7BA5D13021B4CB0D0017FB3A /* Debug */,
				7BA5D13121B4CB0D0017FB3A /* Release */,
			);
			defaultConfigurationIsVisible = 0;
			defaultConfigurationName = Release;
		};
		7BA5D13221B4CB0D0017FB3A /* Build configuration list for PBXNativeTarget "Swift-Deily-Tips" */ = {
			isa = XCConfigurationList;
			buildConfigurations = (
				7BA5D13321B4CB0D0017FB3A /* Debug */,
				7BA5D13421B4CB0D0017FB3A /* Release */,
			);
			defaultConfigurationIsVisible = 0;
			defaultConfigurationName = Release;
		};
/* End XCConfigurationList section */
	};
	rootObject = 7BA5D11821B4CB0A0017FB3A /* Project object */;
}
