// !$*UTF8*$!
{
	archiveVersion = 1;
	classes = {
	};
	objectVersion = 50;
	objects = {

/* Begin PBXBuildFile section */
		7BF519FE221262CE0067CDBE /* AppDelegate.swift in Sources */ = {isa = PBXBuildFile; fileRef = 7BF519FD221262CE0067CDBE /* AppDelegate.swift */; };
		7BF51A00221262CE0067CDBE /* ViewController.swift in Sources */ = {isa = PBXBuildFile; fileRef = 7BF519FF221262CE0067CDBE /* ViewController.swift */; };
		7BF51A03221262CE0067CDBE /* Main.storyboard in Resources */ = {isa = PBXBuildFile; fileRef = 7BF51A01221262CE0067CDBE /* Main.storyboard */; };
		7BF51A05221262D60067CDBE /* Assets.xcassets in Resources */ = {isa = PBXBuildFile; fileRef = 7BF51A04221262D60067CDBE /* Assets.xcassets */; };
		7BF51A08221262D60067CDBE /* LaunchScreen.storyboard in Resources */ = {isa = PBXBuildFile; fileRef = 7BF51A06221262D60067CDBE /* LaunchScreen.storyboard */; };
		7BF51A13221262D60067CDBE /* TestTests.swift in Sources */ = {isa = PBXBuildFile; fileRef = 7BF51A12221262D60067CDBE /* TestTests.swift */; };
		7BF51A1E221262D60067CDBE /* TestUITests.swift in Sources */ = {isa = PBXBuildFile; fileRef = 7BF51A1D221262D60067CDBE /* TestUITests.swift */; };
/* End PBXBuildFile section */

/* Begin PBXContainerItemProxy section */
		7BF51A0F221262D60067CDBE /* PBXContainerItemProxy */ = {
			isa = PBXContainerItemProxy;
			containerPortal = 7BF519F2221262CE0067CDBE /* Project object */;
			proxyType = 1;
			remoteGlobalIDString = 7BF519F9221262CE0067CDBE;
			remoteInfo = Test;
		};
		7BF51A1A221262D60067CDBE /* PBXContainerItemProxy */ = {
			isa = PBXContainerItemProxy;
			containerPortal = 7BF519F2221262CE0067CDBE /* Project object */;
			proxyType = 1;
			remoteGlobalIDString = 7BF519F9221262CE0067CDBE;
			remoteInfo = Test;
		};
/* End PBXContainerItemProxy section */

/* Begin PBXFileReference section */
		7BF519FA221262CE0067CDBE /* Test.app */ = {isa = PBXFileReference; explicitFileType = wrapper.application; includeInIndex = 0; path = Test.app; sourceTree = BUILT_PRODUCTS_DIR; };
		7BF519FD221262CE0067CDBE /* AppDelegate.swift */ = {isa = PBXFileReference; lastKnownFileType = sourcecode.swift; path = AppDelegate.swift; sourceTree = "<group>"; };
		7BF519FF221262CE0067CDBE /* ViewController.swift */ = {isa = PBXFileReference; lastKnownFileType = sourcecode.swift; path = ViewController.swift; sourceTree = "<group>"; };
		7BF51A02221262CE0067CDBE /* Base */ = {isa = PBXFileReference; lastKnownFileType = file.storyboard; name = Base; path = Base.lproj/Main.storyboard; sourceTree = "<group>"; };
		7BF51A04221262D60067CDBE /* Assets.xcassets */ = {isa = PBXFileReference; lastKnownFileType = folder.assetcatalog; path = Assets.xcassets; sourceTree = "<group>"; };
		7BF51A07221262D60067CDBE /* Base */ = {isa = PBXFileReference; lastKnownFileType = file.storyboard; name = Base; path = Base.lproj/LaunchScreen.storyboard; sourceTree = "<group>"; };
		7BF51A09221262D60067CDBE /* Info.plist */ = {isa = PBXFileReference; lastKnownFileType = text.plist.xml; path = Info.plist; sourceTree = "<group>"; };
		7BF51A0E221262D60067CDBE /* TestTests.xctest */ = {isa = PBXFileReference; explicitFileType = wrapper.cfbundle; includeInIndex = 0; path = TestTests.xctest; sourceTree = BUILT_PRODUCTS_DIR; };
		7BF51A12221262D60067CDBE /* TestTests.swift */ = {isa = PBXFileReference; lastKnownFileType = sourcecode.swift; path = TestTests.swift; sourceTree = "<group>"; };
		7BF51A14221262D60067CDBE /* Info.plist */ = {isa = PBXFileReference; lastKnownFileType = text.plist.xml; path = Info.plist; sourceTree = "<group>"; };
		7BF51A19221262D60067CDBE /* TestUITests.xctest */ = {isa = PBXFileReference; explicitFileType = wrapper.cfbundle; includeInIndex = 0; path = TestUITests.xctest; sourceTree = BUILT_PRODUCTS_DIR; };
		7BF51A1D221262D60067CDBE /* TestUITests.swift */ = {isa = PBXFileReference; lastKnownFileType = sourcecode.swift; path = TestUITests.swift; sourceTree = "<group>"; };
		7BF51A1F221262D60067CDBE /* Info.plist */ = {isa = PBXFileReference; lastKnownFileType = text.plist.xml; path = Info.plist; sourceTree = "<group>"; };
/* End PBXFileReference section */

/* Begin PBXFrameworksBuildPhase section */
		7BF519F7221262CE0067CDBE /* Frameworks */ = {
			isa = PBXFrameworksBuildPhase;
			buildActionMask = 2147483647;
			files = (
			);
			runOnlyForDeploymentPostprocessing = 0;
		};
		7BF51A0B221262D60067CDBE /* Frameworks */ = {
			isa = PBXFrameworksBuildPhase;
			buildActionMask = 2147483647;
			files = (
			);
			runOnlyForDeploymentPostprocessing = 0;
		};
		7BF51A16221262D60067CDBE /* Frameworks */ = {
			isa = PBXFrameworksBuildPhase;
			buildActionMask = 2147483647;
			files = (
			);
			runOnlyForDeploymentPostprocessing = 0;
		};
/* End PBXFrameworksBuildPhase section */

/* Begin PBXGroup section */
		7BF519F1221262CE0067CDBE = {
			isa = PBXGroup;
			children = (
				7BF519FC221262CE0067CDBE /* Test */,
				7BF51A11221262D60067CDBE /* TestTests */,
				7BF51A1C221262D60067CDBE /* TestUITests */,
				7BF519FB221262CE0067CDBE /* Products */,
			);
			sourceTree = "<group>";
		};
		7BF519FB221262CE0067CDBE /* Products */ = {
			isa = PBXGroup;
			children = (
				7BF519FA221262CE0067CDBE /* Test.app */,
				7BF51A0E221262D60067CDBE /* TestTests.xctest */,
				7BF51A19221262D60067CDBE /* TestUITests.xctest */,
			);
			name = Products;
			sourceTree = "<group>";
		};
		7BF519FC221262CE0067CDBE /* Test */ = {
			isa = PBXGroup;
			children = (
				7BF519FD221262CE0067CDBE /* AppDelegate.swift */,
				7BF519FF221262CE0067CDBE /* ViewController.swift */,
				7BF51A01221262CE0067CDBE /* Main.storyboard */,
				7BF51A04221262D60067CDBE /* Assets.xcassets */,
				7BF51A06221262D60067CDBE /* LaunchScreen.storyboard */,
				7BF51A09221262D60067CDBE /* Info.plist */,
			);
			path = Test;
			sourceTree = "<group>";
		};
		7BF51A11221262D60067CDBE /* TestTests */ = {
			isa = PBXGroup;
			children = (
				7BF51A12221262D60067CDBE /* TestTests.swift */,
				7BF51A14221262D60067CDBE /* Info.plist */,
			);
			path = TestTests;
			sourceTree = "<group>";
		};
		7BF51A1C221262D60067CDBE /* TestUITests */ = {
			isa = PBXGroup;
			children = (
				7BF51A1D221262D60067CDBE /* TestUITests.swift */,
				7BF51A1F221262D60067CDBE /* Info.plist */,
			);
			path = TestUITests;
			sourceTree = "<group>";
		};
/* End PBXGroup section */

/* Begin PBXNativeTarget section */
		7BF519F9221262CE0067CDBE /* Test */ = {
			isa = PBXNativeTarget;
			buildConfigurationList = 7BF51A22221262D60067CDBE /* Build configuration list for PBXNativeTarget "Test" */;
			buildPhases = (
				7BF519F6221262CE0067CDBE /* Sources */,
				7BF519F7221262CE0067CDBE /* Frameworks */,
				7BF519F8221262CE0067CDBE /* Resources */,
			);
			buildRules = (
			);
			dependencies = (
			);
			name = Test;
			productName = Test;
			productReference = 7BF519FA221262CE0067CDBE /* Test.app */;
			productType = "com.apple.product-type.application";
		};
		7BF51A0D221262D60067CDBE /* TestTests */ = {
			isa = PBXNativeTarget;
			buildConfigurationList = 7BF51A25221262D60067CDBE /* Build configuration list for PBXNativeTarget "TestTests" */;
			buildPhases = (
				7BF51A0A221262D60067CDBE /* Sources */,
				7BF51A0B221262D60067CDBE /* Frameworks */,
				7BF51A0C221262D60067CDBE /* Resources */,
			);
			buildRules = (
			);
			dependencies = (
				7BF51A10221262D60067CDBE /* PBXTargetDependency */,
			);
			name = TestTests;
			productName = TestTests;
			productReference = 7BF51A0E221262D60067CDBE /* TestTests.xctest */;
			productType = "com.apple.product-type.bundle.unit-test";
		};
		7BF51A18221262D60067CDBE /* TestUITests */ = {
			isa = PBXNativeTarget;
			buildConfigurationList = 7BF51A28221262D60067CDBE /* Build configuration list for PBXNativeTarget "TestUITests" */;
			buildPhases = (
				7BF51A15221262D60067CDBE /* Sources */,
				7BF51A16221262D60067CDBE /* Frameworks */,
				7BF51A17221262D60067CDBE /* Resources */,
			);
			buildRules = (
			);
			dependencies = (
				7BF51A1B221262D60067CDBE /* PBXTargetDependency */,
			);
			name = TestUITests;
			productName = TestUITests;
			productReference = 7BF51A19221262D60067CDBE /* TestUITests.xctest */;
			productType = "com.apple.product-type.bundle.ui-testing";
		};
/* End PBXNativeTarget section */

/* Begin PBXProject section */
		7BF519F2221262CE0067CDBE /* Project object */ = {
			isa = PBXProject;
			attributes = {
				LastSwiftUpdateCheck = 1010;
				LastUpgradeCheck = 1010;
				ORGANIZATIONNAME = dev;
				TargetAttributes = {
					7BF519F9221262CE0067CDBE = {
						CreatedOnToolsVersion = 10.1;
					};
					7BF51A0D221262D60067CDBE = {
						CreatedOnToolsVersion = 10.1;
						TestTargetID = 7BF519F9221262CE0067CDBE;
					};
					7BF51A18221262D60067CDBE = {
						CreatedOnToolsVersion = 10.1;
						TestTargetID = 7BF519F9221262CE0067CDBE;
					};
				};
			};
			buildConfigurationList = 7BF519F5221262CE0067CDBE /* Build configuration list for PBXProject "Test" */;
			compatibilityVersion = "Xcode 9.3";
			developmentRegion = en;
			hasScannedForEncodings = 0;
			knownRegions = (
				en,
				Base,
			);
			mainGroup = 7BF519F1221262CE0067CDBE;
			productRefGroup = 7BF519FB221262CE0067CDBE /* Products */;
			projectDirPath = "";
			projectRoot = "";
			targets = (
				7BF519F9221262CE0067CDBE /* Test */,
				7BF51A0D221262D60067CDBE /* TestTests */,
				7BF51A18221262D60067CDBE /* TestUITests */,
			);
		};
/* End PBXProject section */

/* Begin PBXResourcesBuildPhase section */
		7BF519F8221262CE0067CDBE /* Resources */ = {
			isa = PBXResourcesBuildPhase;
			buildActionMask = 2147483647;
			files = (
				7BF51A08221262D60067CDBE /* LaunchScreen.storyboard in Resources */,
				7BF51A05221262D60067CDBE /* Assets.xcassets in Resources */,
				7BF51A03221262CE0067CDBE /* Main.storyboard in Resources */,
			);
			runOnlyForDeploymentPostprocessing = 0;
		};
		7BF51A0C221262D60067CDBE /* Resources */ = {
			isa = PBXResourcesBuildPhase;
			buildActionMask = 2147483647;
			files = (
			);
			runOnlyForDeploymentPostprocessing = 0;
		};
		7BF51A17221262D60067CDBE /* Resources */ = {
			isa = PBXResourcesBuildPhase;
			buildActionMask = 2147483647;
			files = (
			);
			runOnlyForDeploymentPostprocessing = 0;
		};
/* End PBXResourcesBuildPhase section */

/* Begin PBXSourcesBuildPhase section */
		7BF519F6221262CE0067CDBE /* Sources */ = {
			isa = PBXSourcesBuildPhase;
			buildActionMask = 2147483647;
			files = (
				7BF51A00221262CE0067CDBE /* ViewController.swift in Sources */,
				7BF519FE221262CE0067CDBE /* AppDelegate.swift in Sources */,
			);
			runOnlyForDeploymentPostprocessing = 0;
		};
		7BF51A0A221262D60067CDBE /* Sources */ = {
			isa = PBXSourcesBuildPhase;
			buildActionMask = 2147483647;
			files = (
				7BF51A13221262D60067CDBE /* TestTests.swift in Sources */,
			);
			runOnlyForDeploymentPostprocessing = 0;
		};
		7BF51A15221262D60067CDBE /* Sources */ = {
			isa = PBXSourcesBuildPhase;
			buildActionMask = 2147483647;
			files = (
				7BF51A1E221262D60067CDBE /* TestUITests.swift in Sources */,
			);
			runOnlyForDeploymentPostprocessing = 0;
		};
/* End PBXSourcesBuildPhase section */

/* Begin PBXTargetDependency section */
		7BF51A10221262D60067CDBE /* PBXTargetDependency */ = {
			isa = PBXTargetDependency;
			target = 7BF519F9221262CE0067CDBE /* Test */;
			targetProxy = 7BF51A0F221262D60067CDBE /* PBXContainerItemProxy */;
		};
		7BF51A1B221262D60067CDBE /* PBXTargetDependency */ = {
			isa = PBXTargetDependency;
			target = 7BF519F9221262CE0067CDBE /* Test */;
			targetProxy = 7BF51A1A221262D60067CDBE /* PBXContainerItemProxy */;
		};
/* End PBXTargetDependency section */

/* Begin PBXVariantGroup section */
		7BF51A01221262CE0067CDBE /* Main.storyboard */ = {
			isa = PBXVariantGroup;
			children = (
				7BF51A02221262CE0067CDBE /* Base */,
			);
			name = Main.storyboard;
			sourceTree = "<group>";
		};
		7BF51A06221262D60067CDBE /* LaunchScreen.storyboard */ = {
			isa = PBXVariantGroup;
			children = (
				7BF51A07221262D60067CDBE /* Base */,
			);
			name = LaunchScreen.storyboard;
			sourceTree = "<group>";
		};
/* End PBXVariantGroup section */

/* Begin XCBuildConfiguration section */
		7BF51A20221262D60067CDBE /* Debug */ = {
			isa = XCBuildConfiguration;
			buildSettings = {
				ALWAYS_SEARCH_USER_PATHS = NO;
				CLANG_ANALYZER_NONNULL = YES;
				CLANG_ANALYZER_NUMBER_OBJECT_CONVERSION = YES_AGGRESSIVE;
				CLANG_CXX_LANGUAGE_STANDARD = "gnu++14";
				CLANG_CXX_LIBRARY = "libc++";
				CLANG_ENABLE_MODULES = YES;
				CLANG_ENABLE_OBJC_ARC = YES;
				CLANG_ENABLE_OBJC_WEAK = YES;
				CLANG_WARN_BLOCK_CAPTURE_AUTORELEASING = YES;
				CLANG_WARN_BOOL_CONVERSION = YES;
				CLANG_WARN_COMMA = YES;
				CLANG_WARN_CONSTANT_CONVERSION = YES;
				CLANG_WARN_DEPRECATED_OBJC_IMPLEMENTATIONS = YES;
				CLANG_WARN_DIRECT_OBJC_ISA_USAGE = YES_ERROR;
				CLANG_WARN_DOCUMENTATION_COMMENTS = YES;
				CLANG_WARN_EMPTY_BODY = YES;
				CLANG_WARN_ENUM_CONVERSION = YES;
				CLANG_WARN_INFINITE_RECURSION = YES;
				CLANG_WARN_INT_CONVERSION = YES;
				CLANG_WARN_NON_LITERAL_NULL_CONVERSION = YES;
				CLANG_WARN_OBJC_IMPLICIT_RETAIN_SELF = YES;
				CLANG_WARN_OBJC_LITERAL_CONVERSION = YES;
				CLANG_WARN_OBJC_ROOT_CLASS = YES_ERROR;
				CLANG_WARN_RANGE_LOOP_ANALYSIS = YES;
				CLANG_WARN_STRICT_PROTOTYPES = YES;
				CLANG_WARN_SUSPICIOUS_MOVE = YES;
				CLANG_WARN_UNGUARDED_AVAILABILITY = YES_AGGRESSIVE;
				CLANG_WARN_UNREACHABLE_CODE = YES;
				CLANG_WARN__DUPLICATE_METHOD_MATCH = YES;
				CODE_SIGN_IDENTITY = "iPhone Developer";
				COPY_PHASE_STRIP = NO;
				DEBUG_INFORMATION_FORMAT = dwarf;
				ENABLE_STRICT_OBJC_MSGSEND = YES;
				ENABLE_TESTABILITY = YES;
				GCC_C_LANGUAGE_STANDARD = gnu11;
				GCC_DYNAMIC_NO_PIC = NO;
				GCC_NO_COMMON_BLOCKS = YES;
				GCC_OPTIMIZATION_LEVEL = 0;
				GCC_PREPROCESSOR_DEFINITIONS = (
					"DEBUG=1",
					"$(inherited)",
				);
				GCC_WARN_64_TO_32_BIT_CONVERSION = YES;
				GCC_WARN_ABOUT_RETURN_TYPE = YES_ERROR;
				GCC_WARN_UNDECLARED_SELECTOR = YES;
				GCC_WARN_UNINITIALIZED_AUTOS = YES_AGGRESSIVE;
				GCC_WARN_UNUSED_FUNCTION = YES;
				GCC_WARN_UNUSED_VARIABLE = YES;
				IPHONEOS_DEPLOYMENT_TARGET = 12.1;
				MTL_ENABLE_DEBUG_INFO = INCLUDE_SOURCE;
				MTL_FAST_MATH = YES;
				ONLY_ACTIVE_ARCH = YES;
				SDKROOT = iphoneos;
				SWIFT_ACTIVE_COMPILATION_CONDITIONS = DEBUG;
				SWIFT_OPTIMIZATION_LEVEL = "-Onone";
			};
			name = Debug;
		};
		7BF51A21221262D60067CDBE /* Release */ = {
			isa = XCBuildConfiguration;
			buildSettings = {
				ALWAYS_SEARCH_USER_PATHS = NO;
				CLANG_ANALYZER_NONNULL = YES;
				CLANG_ANALYZER_NUMBER_OBJECT_CONVERSION = YES_AGGRESSIVE;
				CLANG_CXX_LANGUAGE_STANDARD = "gnu++14";
				CLANG_CXX_LIBRARY = "libc++";
				CLANG_ENABLE_MODULES = YES;
				CLANG_ENABLE_OBJC_ARC = YES;
				CLANG_ENABLE_OBJC_WEAK = YES;
				CLANG_WARN_BLOCK_CAPTURE_AUTORELEASING = YES;
				CLANG_WARN_BOOL_CONVERSION = YES;
				CLANG_WARN_COMMA = YES;
				CLANG_WARN_CONSTANT_CONVERSION = YES;
				CLANG_WARN_DEPRECATED_OBJC_IMPLEMENTATIONS = YES;
				CLANG_WARN_DIRECT_OBJC_ISA_USAGE = YES_ERROR;
				CLANG_WARN_DOCUMENTATION_COMMENTS = YES;
				CLANG_WARN_EMPTY_BODY = YES;
				CLANG_WARN_ENUM_CONVERSION = YES;
				CLANG_WARN_INFINITE_RECURSION = YES;
				CLANG_WARN_INT_CONVERSION = YES;
				CLANG_WARN_NON_LITERAL_NULL_CONVERSION = YES;
				CLANG_WARN_OBJC_IMPLICIT_RETAIN_SELF = YES;
				CLANG_WARN_OBJC_LITERAL_CONVERSION = YES;
				CLANG_WARN_OBJC_ROOT_CLASS = YES_ERROR;
				CLANG_WARN_RANGE_LOOP_ANALYSIS = YES;
				CLANG_WARN_STRICT_PROTOTYPES = YES;
				CLANG_WARN_SUSPICIOUS_MOVE = YES;
				CLANG_WARN_UNGUARDED_AVAILABILITY = YES_AGGRESSIVE;
				CLANG_WARN_UNREACHABLE_CODE = YES;
				CLANG_WARN__DUPLICATE_METHOD_MATCH = YES;
				CODE_SIGN_IDENTITY = "iPhone Developer";
				COPY_PHASE_STRIP = NO;
				DEBUG_INFORMATION_FORMAT = "dwarf-with-dsym";
				ENABLE_NS_ASSERTIONS = NO;
				ENABLE_STRICT_OBJC_MSGSEND = YES;
				GCC_C_LANGUAGE_STANDARD = gnu11;
				GCC_NO_COMMON_BLOCKS = YES;
				GCC_WARN_64_TO_32_BIT_CONVERSION = YES;
				GCC_WARN_ABOUT_RETURN_TYPE = YES_ERROR;
				GCC_WARN_UNDECLARED_SELECTOR = YES;
				GCC_WARN_UNINITIALIZED_AUTOS = YES_AGGRESSIVE;
				GCC_WARN_UNUSED_FUNCTION = YES;
				GCC_WARN_UNUSED_VARIABLE = YES;
				IPHONEOS_DEPLOYMENT_TARGET = 12.1;
				MTL_ENABLE_DEBUG_INFO = NO;
				MTL_FAST_MATH = YES;
				SDKROOT = iphoneos;
				SWIFT_COMPILATION_MODE = wholemodule;
				SWIFT_OPTIMIZATION_LEVEL = "-O";
				VALIDATE_PRODUCT = YES;
			};
			name = Release;
		};
		7BF51A23221262D60067CDBE /* Debug */ = {
			isa = XCBuildConfiguration;
			buildSettings = {
				ASSETCATALOG_COMPILER_APPICON_NAME = AppIcon;
				CODE_SIGN_STYLE = Manual;
				DEVELOPMENT_TEAM = "";
				INFOPLIST_FILE = Test/Info.plist;
				LD_RUNPATH_SEARCH_PATHS = (
					"$(inherited)",
					"@executable_path/Frameworks",
				);
				PRODUCT_BUNDLE_IDENTIFIER = dev.qin.Test;
				PRODUCT_NAME = "$(TARGET_NAME)";
				PROVISIONING_PROFILE_SPECIFIER = "";
				SWIFT_VERSION = 4.2;
				TARGETED_DEVICE_FAMILY = "1,2";
			};
			name = Debug;
		};
		7BF51A24221262D60067CDBE /* Release */ = {
			isa = XCBuildConfiguration;
			buildSettings = {
				ASSETCATALOG_COMPILER_APPICON_NAME = AppIcon;
				CODE_SIGN_STYLE = Manual;
				DEVELOPMENT_TEAM = "";
				INFOPLIST_FILE = Test/Info.plist;
				LD_RUNPATH_SEARCH_PATHS = (
					"$(inherited)",
					"@executable_path/Frameworks",
				);
				PRODUCT_BUNDLE_IDENTIFIER = dev.qin.Test;
				PRODUCT_NAME = "$(TARGET_NAME)";
				PROVISIONING_PROFILE_SPECIFIER = "";
				SWIFT_VERSION = 4.2;
				TARGETED_DEVICE_FAMILY = "1,2";
			};
			name = Release;
		};
		7BF51A26221262D60067CDBE /* Debug */ = {
			isa = XCBuildConfiguration;
			buildSettings = {
				ALWAYS_EMBED_SWIFT_STANDARD_LIBRARIES = YES;
				BUNDLE_LOADER = "$(TEST_HOST)";
				CODE_SIGN_STYLE = Automatic;
				INFOPLIST_FILE = TestTests/Info.plist;
				LD_RUNPATH_SEARCH_PATHS = (
					"$(inherited)",
					"@executable_path/Frameworks",
					"@loader_path/Frameworks",
				);
				PRODUCT_BUNDLE_IDENTIFIER = dev.qin.TestTests;
				PRODUCT_NAME = "$(TARGET_NAME)";
				SWIFT_VERSION = 4.2;
				TARGETED_DEVICE_FAMILY = "1,2";
				TEST_HOST = "$(BUILT_PRODUCTS_DIR)/Test.app/Test";
			};
			name = Debug;
		};
		7BF51A27221262D60067CDBE /* Release */ = {
			isa = XCBuildConfiguration;
			buildSettings = {
				ALWAYS_EMBED_SWIFT_STANDARD_LIBRARIES = YES;
				BUNDLE_LOADER = "$(TEST_HOST)";
				CODE_SIGN_STYLE = Automatic;
				INFOPLIST_FILE = TestTests/Info.plist;
				LD_RUNPATH_SEARCH_PATHS = (
					"$(inherited)",
					"@executable_path/Frameworks",
					"@loader_path/Frameworks",
				);
				PRODUCT_BUNDLE_IDENTIFIER = dev.qin.TestTests;
				PRODUCT_NAME = "$(TARGET_NAME)";
				SWIFT_VERSION = 4.2;
				TARGETED_DEVICE_FAMILY = "1,2";
				TEST_HOST = "$(BUILT_PRODUCTS_DIR)/Test.app/Test";
			};
			name = Release;
		};
		7BF51A29221262D60067CDBE /* Debug */ = {
			isa = XCBuildConfiguration;
			buildSettings = {
				ALWAYS_EMBED_SWIFT_STANDARD_LIBRARIES = YES;
				CODE_SIGN_STYLE = Automatic;
				INFOPLIST_FILE = TestUITests/Info.plist;
				LD_RUNPATH_SEARCH_PATHS = (
					"$(inherited)",
					"@executable_path/Frameworks",
					"@loader_path/Frameworks",
				);
				PRODUCT_BUNDLE_IDENTIFIER = dev.qin.TestUITests;
				PRODUCT_NAME = "$(TARGET_NAME)";
				SWIFT_VERSION = 4.2;
				TARGETED_DEVICE_FAMILY = "1,2";
				TEST_TARGET_NAME = Test;
			};
			name = Debug;
		};
		7BF51A2A221262D60067CDBE /* Release */ = {
			isa = XCBuildConfiguration;
			buildSettings = {
				ALWAYS_EMBED_SWIFT_STANDARD_LIBRARIES = YES;
				CODE_SIGN_STYLE = Automatic;
				INFOPLIST_FILE = TestUITests/Info.plist;
				LD_RUNPATH_SEARCH_PATHS = (
					"$(inherited)",
					"@executable_path/Frameworks",
					"@loader_path/Frameworks",
				);
				PRODUCT_BUNDLE_IDENTIFIER = dev.qin.TestUITests;
				PRODUCT_NAME = "$(TARGET_NAME)";
				SWIFT_VERSION = 4.2;
				TARGETED_DEVICE_FAMILY = "1,2";
				TEST_TARGET_NAME = Test;
			};
			name = Release;
		};
/* End XCBuildConfiguration section */

/* Begin XCConfigurationList section */
		7BF519F5221262CE0067CDBE /* Build configuration list for PBXProject "Test" */ = {
			isa = XCConfigurationList;
			buildConfigurations = (
				7BF51A20221262D60067CDBE /* Debug */,
				7BF51A21221262D60067CDBE /* Release */,
			);
			defaultConfigurationIsVisible = 0;
			defaultConfigurationName = Release;
		};
		7BF51A22221262D60067CDBE /* Build configuration list for PBXNativeTarget "Test" */ = {
			isa = XCConfigurationList;
			buildConfigurations = (
				7BF51A23221262D60067CDBE /* Debug */,
				7BF51A24221262D60067CDBE /* Release */,
			);
			defaultConfigurationIsVisible = 0;
			defaultConfigurationName = Release;
		};
		7BF51A25221262D60067CDBE /* Build configuration list for PBXNativeTarget "TestTests" */ = {
			isa = XCConfigurationList;
			buildConfigurations = (
				7BF51A26221262D60067CDBE /* Debug */,
				7BF51A27221262D60067CDBE /* Release */,
			);
			defaultConfigurationIsVisible = 0;
			defaultConfigurationName = Release;
		};
		7BF51A28221262D60067CDBE /* Build configuration list for PBXNativeTarget "TestUITests" */ = {
			isa = XCConfigurationList;
			buildConfigurations = (
				7BF51A29221262D60067CDBE /* Debug */,
				7BF51A2A221262D60067CDBE /* Release */,
			);
			defaultConfigurationIsVisible = 0;
			defaultConfigurationName = Release;
		};
/* End XCConfigurationList section */
	};
	rootObject = 7BF519F2221262CE0067CDBE /* Project object */;
}
