// !$*UTF8*$!
{
	archiveVersion = 1;
	classes = {
	};
	objectVersion = 50;
	objects = {

/* Begin PBXBuildFile section */
		7B9FF5542193C99200E9684E /* AppDelegate.swift in Sources */ = {isa = PBXBuildFile; fileRef = 7B9FF5532193C99200E9684E /* AppDelegate.swift */; };
		7B9FF5562193C99200E9684E /* ViewController.swift in Sources */ = {isa = PBXBuildFile; fileRef = 7B9FF5552193C99200E9684E /* ViewController.swift */; };
		7B9FF5592193C99200E9684E /* Main.storyboard in Resources */ = {isa = PBXBuildFile; fileRef = 7B9FF5572193C99200E9684E /* Main.storyboard */; };
		7B9FF55B2193C99400E9684E /* Assets.xcassets in Resources */ = {isa = PBXBuildFile; fileRef = 7B9FF55A2193C99400E9684E /* Assets.xcassets */; };
		7B9FF55E2193C99400E9684E /* LaunchScreen.storyboard in Resources */ = {isa = PBXBuildFile; fileRef = 7B9FF55C2193C99400E9684E /* LaunchScreen.storyboard */; };
		7B9FF5662193CCC500E9684E /* ProductViewController.swift in Sources */ = {isa = PBXBuildFile; fileRef = 7B9FF5652193CCC500E9684E /* ProductViewController.swift */; };
		7B9FF5682193CD0C00E9684E /* Product.swift in Sources */ = {isa = PBXBuildFile; fileRef = 7B9FF5672193CD0C00E9684E /* Product.swift */; };
		7B9FF56A2193CE0700E9684E /* ContactViewController.swift in Sources */ = {isa = PBXBuildFile; fileRef = 7B9FF5692193CE0700E9684E /* ContactViewController.swift */; };
		7B9FF56C2193CFFB00E9684E /* ProductsTableViewController.swift in Sources */ = {isa = PBXBuildFile; fileRef = 7B9FF56B2193CFFB00E9684E /* ProductsTableViewController.swift */; };
/* End PBXBuildFile section */

/* Begin PBXFileReference section */
		7B9FF5502193C99200E9684E /* Project 01 - GoodAsOldPhones.app */ = {isa = PBXFileReference; explicitFileType = wrapper.application; includeInIndex = 0; path = "Project 01 - GoodAsOldPhones.app"; sourceTree = BUILT_PRODUCTS_DIR; };
		7B9FF5532193C99200E9684E /* AppDelegate.swift */ = {isa = PBXFileReference; lastKnownFileType = sourcecode.swift; path = AppDelegate.swift; sourceTree = "<group>"; };
		7B9FF5552193C99200E9684E /* ViewController.swift */ = {isa = PBXFileReference; lastKnownFileType = sourcecode.swift; path = ViewController.swift; sourceTree = "<group>"; };
		7B9FF5582193C99200E9684E /* Base */ = {isa = PBXFileReference; lastKnownFileType = file.storyboard; name = Base; path = Base.lproj/Main.storyboard; sourceTree = "<group>"; };
		7B9FF55A2193C99400E9684E /* Assets.xcassets */ = {isa = PBXFileReference; lastKnownFileType = folder.assetcatalog; path = Assets.xcassets; sourceTree = "<group>"; };
		7B9FF55D2193C99400E9684E /* Base */ = {isa = PBXFileReference; lastKnownFileType = file.storyboard; name = Base; path = Base.lproj/LaunchScreen.storyboard; sourceTree = "<group>"; };
		7B9FF55F2193C99400E9684E /* Info.plist */ = {isa = PBXFileReference; lastKnownFileType = text.plist.xml; path = Info.plist; sourceTree = "<group>"; };
		7B9FF5652193CCC500E9684E /* ProductViewController.swift */ = {isa = PBXFileReference; lastKnownFileType = sourcecode.swift; path = ProductViewController.swift; sourceTree = "<group>"; };
		7B9FF5672193CD0C00E9684E /* Product.swift */ = {isa = PBXFileReference; lastKnownFileType = sourcecode.swift; path = Product.swift; sourceTree = "<group>"; };
		7B9FF5692193CE0700E9684E /* ContactViewController.swift */ = {isa = PBXFileReference; lastKnownFileType = sourcecode.swift; path = ContactViewController.swift; sourceTree = "<group>"; };
		7B9FF56B2193CFFB00E9684E /* ProductsTableViewController.swift */ = {isa = PBXFileReference; lastKnownFileType = sourcecode.swift; path = ProductsTableViewController.swift; sourceTree = "<group>"; };
/* End PBXFileReference section */

/* Begin PBXFrameworksBuildPhase section */
		7B9FF54D2193C99200E9684E /* Frameworks */ = {
			isa = PBXFrameworksBuildPhase;
			buildActionMask = 2147483647;
			files = (
			);
			runOnlyForDeploymentPostprocessing = 0;
		};
/* End PBXFrameworksBuildPhase section */

/* Begin PBXGroup section */
		7B9FF5472193C99200E9684E = {
			isa = PBXGroup;
			children = (
				7B9FF5522193C99200E9684E /* Project 01 - GoodAsOldPhones */,
				7B9FF5512193C99200E9684E /* Products */,
			);
			sourceTree = "<group>";
		};
		7B9FF5512193C99200E9684E /* Products */ = {
			isa = PBXGroup;
			children = (
				7B9FF5502193C99200E9684E /* Project 01 - GoodAsOldPhones.app */,
			);
			name = Products;
			sourceTree = "<group>";
		};
		7B9FF5522193C99200E9684E /* Project 01 - GoodAsOldPhones */ = {
			isa = PBXGroup;
			children = (
				7B9FF5532193C99200E9684E /* AppDelegate.swift */,
				7B9FF5552193C99200E9684E /* ViewController.swift */,
				7B9FF5572193C99200E9684E /* Main.storyboard */,
				7B9FF55A2193C99400E9684E /* Assets.xcassets */,
				7B9FF55C2193C99400E9684E /* LaunchScreen.storyboard */,
				7B9FF55F2193C99400E9684E /* Info.plist */,
				7B9FF5652193CCC500E9684E /* ProductViewController.swift */,
				7B9FF5672193CD0C00E9684E /* Product.swift */,
				7B9FF5692193CE0700E9684E /* ContactViewController.swift */,
				7B9FF56B2193CFFB00E9684E /* ProductsTableViewController.swift */,
			);
			path = "Project 01 - GoodAsOldPhones";
			sourceTree = "<group>";
		};
/* End PBXGroup section */

/* Begin PBXNativeTarget section */
		7B9FF54F2193C99200E9684E /* Project 01 - GoodAsOldPhones */ = {
			isa = PBXNativeTarget;
			buildConfigurationList = 7B9FF5622193C99400E9684E /* Build configuration list for PBXNativeTarget "Project 01 - GoodAsOldPhones" */;
			buildPhases = (
				7B9FF54C2193C99200E9684E /* Sources */,
				7B9FF54D2193C99200E9684E /* Frameworks */,
				7B9FF54E2193C99200E9684E /* Resources */,
			);
			buildRules = (
			);
			dependencies = (
			);
			name = "Project 01 - GoodAsOldPhones";
			productName = "Project 01 - GoodAsOldPhones";
			productReference = 7B9FF5502193C99200E9684E /* Project 01 - GoodAsOldPhones.app */;
			productType = "com.apple.product-type.application";
		};
/* End PBXNativeTarget section */

/* Begin PBXProject section */
		7B9FF5482193C99200E9684E /* Project object */ = {
			isa = PBXProject;
			attributes = {
				LastSwiftUpdateCheck = 1000;
				LastUpgradeCheck = 1000;
				ORGANIZATIONNAME = dev;
				TargetAttributes = {
					7B9FF54F2193C99200E9684E = {
						CreatedOnToolsVersion = 10.0;
					};
				};
			};
			buildConfigurationList = 7B9FF54B2193C99200E9684E /* Build configuration list for PBXProject "Project 01 - GoodAsOldPhones" */;
			compatibilityVersion = "Xcode 9.3";
			developmentRegion = en;
			hasScannedForEncodings = 0;
			knownRegions = (
				en,
				Base,
			);
			mainGroup = 7B9FF5472193C99200E9684E;
			productRefGroup = 7B9FF5512193C99200E9684E /* Products */;
			projectDirPath = "";
			projectRoot = "";
			targets = (
				7B9FF54F2193C99200E9684E /* Project 01 - GoodAsOldPhones */,
			);
		};
/* End PBXProject section */

/* Begin PBXResourcesBuildPhase section */
		7B9FF54E2193C99200E9684E /* Resources */ = {
			isa = PBXResourcesBuildPhase;
			buildActionMask = 2147483647;
			files = (
				7B9FF55E2193C99400E9684E /* LaunchScreen.storyboard in Resources */,
				7B9FF55B2193C99400E9684E /* Assets.xcassets in Resources */,
				7B9FF5592193C99200E9684E /* Main.storyboard in Resources */,
			);
			runOnlyForDeploymentPostprocessing = 0;
		};
/* End PBXResourcesBuildPhase section */

/* Begin PBXSourcesBuildPhase section */
		7B9FF54C2193C99200E9684E /* Sources */ = {
			isa = PBXSourcesBuildPhase;
			buildActionMask = 2147483647;
			files = (
				7B9FF5662193CCC500E9684E /* ProductViewController.swift in Sources */,
				7B9FF56C2193CFFB00E9684E /* ProductsTableViewController.swift in Sources */,
				7B9FF5682193CD0C00E9684E /* Product.swift in Sources */,
				7B9FF5562193C99200E9684E /* ViewController.swift in Sources */,
				7B9FF5542193C99200E9684E /* AppDelegate.swift in Sources */,
				7B9FF56A2193CE0700E9684E /* ContactViewController.swift in Sources */,
			);
			runOnlyForDeploymentPostprocessing = 0;
		};
/* End PBXSourcesBuildPhase section */

/* Begin PBXVariantGroup section */
		7B9FF5572193C99200E9684E /* Main.storyboard */ = {
			isa = PBXVariantGroup;
			children = (
				7B9FF5582193C99200E9684E /* Base */,
			);
			name = Main.storyboard;
			sourceTree = "<group>";
		};
		7B9FF55C2193C99400E9684E /* LaunchScreen.storyboard */ = {
			isa = PBXVariantGroup;
			children = (
				7B9FF55D2193C99400E9684E /* Base */,
			);
			name = LaunchScreen.storyboard;
			sourceTree = "<group>";
		};
/* End PBXVariantGroup section */

/* Begin XCBuildConfiguration section */
		7B9FF5602193C99400E9684E /* Debug */ = {
			isa = XCBuildConfiguration;
			buildSettings = {
				ALWAYS_SEARCH_USER_PATHS = NO;
				CLANG_ANALYZER_NONNULL = YES;
				CLANG_ANALYZER_NUMBER_OBJECT_CONVERSION = YES_AGGRESSIVE;
				CLANG_CXX_LANGUAGE_STANDARD = "gnu++14";
				CLANG_CXX_LIBRARY = "libc++";
				CLANG_ENABLE_MODULES = YES;
				CLANG_ENABLE_OBJC_ARC = YES;
				CLANG_ENABLE_OBJC_WEAK = YES;
				CLANG_WARN_BLOCK_CAPTURE_AUTORELEASING = YES;
				CLANG_WARN_BOOL_CONVERSION = YES;
				CLANG_WARN_COMMA = YES;
				CLANG_WARN_CONSTANT_CONVERSION = YES;
				CLANG_WARN_DEPRECATED_OBJC_IMPLEMENTATIONS = YES;
				CLANG_WARN_DIRECT_OBJC_ISA_USAGE = YES_ERROR;
				CLANG_WARN_DOCUMENTATION_COMMENTS = YES;
				CLANG_WARN_EMPTY_BODY = YES;
				CLANG_WARN_ENUM_CONVERSION = YES;
				CLANG_WARN_INFINITE_RECURSION = YES;
				CLANG_WARN_INT_CONVERSION = YES;
				CLANG_WARN_NON_LITERAL_NULL_CONVERSION = YES;
				CLANG_WARN_OBJC_IMPLICIT_RETAIN_SELF = YES;
				CLANG_WARN_OBJC_LITERAL_CONVERSION = YES;
				CLANG_WARN_OBJC_ROOT_CLASS = YES_ERROR;
				CLANG_WARN_RANGE_LOOP_ANALYSIS = YES;
				CLANG_WARN_STRICT_PROTOTYPES = YES;
				CLANG_WARN_SUSPICIOUS_MOVE = YES;
				CLANG_WARN_UNGUARDED_AVAILABILITY = YES_AGGRESSIVE;
				CLANG_WARN_UNREACHABLE_CODE = YES;
				CLANG_WARN__DUPLICATE_METHOD_MATCH = YES;
				CODE_SIGN_IDENTITY = "iPhone Developer";
				COPY_PHASE_STRIP = NO;
				DEBUG_INFORMATION_FORMAT = dwarf;
				ENABLE_STRICT_OBJC_MSGSEND = YES;
				ENABLE_TESTABILITY = YES;
				GCC_C_LANGUAGE_STANDARD = gnu11;
				GCC_DYNAMIC_NO_PIC = NO;
				GCC_NO_COMMON_BLOCKS = YES;
				GCC_OPTIMIZATION_LEVEL = 0;
				GCC_PREPROCESSOR_DEFINITIONS = (
					"DEBUG=1",
					"$(inherited)",
				);
				GCC_WARN_64_TO_32_BIT_CONVERSION = YES;
				GCC_WARN_ABOUT_RETURN_TYPE = YES_ERROR;
				GCC_WARN_UNDECLARED_SELECTOR = YES;
				GCC_WARN_UNINITIALIZED_AUTOS = YES_AGGRESSIVE;
				GCC_WARN_UNUSED_FUNCTION = YES;
				GCC_WARN_UNUSED_VARIABLE = YES;
				IPHONEOS_DEPLOYMENT_TARGET = 12.0;
				MTL_ENABLE_DEBUG_INFO = INCLUDE_SOURCE;
				MTL_FAST_MATH = YES;
				ONLY_ACTIVE_ARCH = YES;
				SDKROOT = iphoneos;
				SWIFT_ACTIVE_COMPILATION_CONDITIONS = DEBUG;
				SWIFT_OPTIMIZATION_LEVEL = "-Onone";
			};
			name = Debug;
		};
		7B9FF5612193C99400E9684E /* Release */ = {
			isa = XCBuildConfiguration;
			buildSettings = {
				ALWAYS_SEARCH_USER_PATHS = NO;
				CLANG_ANALYZER_NONNULL = YES;
				CLANG_ANALYZER_NUMBER_OBJECT_CONVERSION = YES_AGGRESSIVE;
				CLANG_CXX_LANGUAGE_STANDARD = "gnu++14";
				CLANG_CXX_LIBRARY = "libc++";
				CLANG_ENABLE_MODULES = YES;
				CLANG_ENABLE_OBJC_ARC = YES;
				CLANG_ENABLE_OBJC_WEAK = YES;
				CLANG_WARN_BLOCK_CAPTURE_AUTORELEASING = YES;
				CLANG_WARN_BOOL_CONVERSION = YES;
				CLANG_WARN_COMMA = YES;
				CLANG_WARN_CONSTANT_CONVERSION = YES;
				CLANG_WARN_DEPRECATED_OBJC_IMPLEMENTATIONS = YES;
				CLANG_WARN_DIRECT_OBJC_ISA_USAGE = YES_ERROR;
				CLANG_WARN_DOCUMENTATION_COMMENTS = YES;
				CLANG_WARN_EMPTY_BODY = YES;
				CLANG_WARN_ENUM_CONVERSION = YES;
				CLANG_WARN_INFINITE_RECURSION = YES;
				CLANG_WARN_INT_CONVERSION = YES;
				CLANG_WARN_NON_LITERAL_NULL_CONVERSION = YES;
				CLANG_WARN_OBJC_IMPLICIT_RETAIN_SELF = YES;
				CLANG_WARN_OBJC_LITERAL_CONVERSION = YES;
				CLANG_WARN_OBJC_ROOT_CLASS = YES_ERROR;
				CLANG_WARN_RANGE_LOOP_ANALYSIS = YES;
				CLANG_WARN_STRICT_PROTOTYPES = YES;
				CLANG_WARN_SUSPICIOUS_MOVE = YES;
				CLANG_WARN_UNGUARDED_AVAILABILITY = YES_AGGRESSIVE;
				CLANG_WARN_UNREACHABLE_CODE = YES;
				CLANG_WARN__DUPLICATE_METHOD_MATCH = YES;
				CODE_SIGN_IDENTITY = "iPhone Developer";
				COPY_PHASE_STRIP = NO;
				DEBUG_INFORMATION_FORMAT = "dwarf-with-dsym";
				ENABLE_NS_ASSERTIONS = NO;
				ENABLE_STRICT_OBJC_MSGSEND = YES;
				GCC_C_LANGUAGE_STANDARD = gnu11;
				GCC_NO_COMMON_BLOCKS = YES;
				GCC_WARN_64_TO_32_BIT_CONVERSION = YES;
				GCC_WARN_ABOUT_RETURN_TYPE = YES_ERROR;
				GCC_WARN_UNDECLARED_SELECTOR = YES;
				GCC_WARN_UNINITIALIZED_AUTOS = YES_AGGRESSIVE;
				GCC_WARN_UNUSED_FUNCTION = YES;
				GCC_WARN_UNUSED_VARIABLE = YES;
				IPHONEOS_DEPLOYMENT_TARGET = 12.0;
				MTL_ENABLE_DEBUG_INFO = NO;
				MTL_FAST_MATH = YES;
				SDKROOT = iphoneos;
				SWIFT_COMPILATION_MODE = wholemodule;
				SWIFT_OPTIMIZATION_LEVEL = "-O";
				VALIDATE_PRODUCT = YES;
			};
			name = Release;
		};
		7B9FF5632193C99400E9684E /* Debug */ = {
			isa = XCBuildConfiguration;
			buildSettings = {
				ASSETCATALOG_COMPILER_APPICON_NAME = AppIcon;
				CODE_SIGN_STYLE = Manual;
				DEVELOPMENT_TEAM = "";
				INFOPLIST_FILE = "Project 01 - GoodAsOldPhones/Info.plist";
				IPHONEOS_DEPLOYMENT_TARGET = 9.0;
				LD_RUNPATH_SEARCH_PATHS = (
					"$(inherited)",
					"@executable_path/Frameworks",
				);
				PRODUCT_BUNDLE_IDENTIFIER = "dev.qin.Project-01---GoodAsOldPhones";
				PRODUCT_NAME = "$(TARGET_NAME)";
				PROVISIONING_PROFILE_SPECIFIER = "";
				SWIFT_VERSION = 4.2;
				TARGETED_DEVICE_FAMILY = 1;
			};
			name = Debug;
		};
		7B9FF5642193C99400E9684E /* Release */ = {
			isa = XCBuildConfiguration;
			buildSettings = {
				ASSETCATALOG_COMPILER_APPICON_NAME = AppIcon;
				CODE_SIGN_STYLE = Manual;
				DEVELOPMENT_TEAM = "";
				INFOPLIST_FILE = "Project 01 - GoodAsOldPhones/Info.plist";
				IPHONEOS_DEPLOYMENT_TARGET = 9.0;
				LD_RUNPATH_SEARCH_PATHS = (
					"$(inherited)",
					"@executable_path/Frameworks",
				);
				PRODUCT_BUNDLE_IDENTIFIER = "dev.qin.Project-01---GoodAsOldPhones";
				PRODUCT_NAME = "$(TARGET_NAME)";
				PROVISIONING_PROFILE_SPECIFIER = "";
				SWIFT_VERSION = 4.2;
				TARGETED_DEVICE_FAMILY = 1;
			};
			name = Release;
		};
/* End XCBuildConfiguration section */

/* Begin XCConfigurationList section */
		7B9FF54B2193C99200E9684E /* Build configuration list for PBXProject "Project 01 - GoodAsOldPhones" */ = {
			isa = XCConfigurationList;
			buildConfigurations = (
				7B9FF5602193C99400E9684E /* Debug */,
				7B9FF5612193C99400E9684E /* Release */,
			);
			defaultConfigurationIsVisible = 0;
			defaultConfigurationName = Release;
		};
		7B9FF5622193C99400E9684E /* Build configuration list for PBXNativeTarget "Project 01 - GoodAsOldPhones" */ = {
			isa = XCConfigurationList;
			buildConfigurations = (
				7B9FF5632193C99400E9684E /* Debug */,
				7B9FF5642193C99400E9684E /* Release */,
			);
			defaultConfigurationIsVisible = 0;
			defaultConfigurationName = Release;
		};
/* End XCConfigurationList section */
	};
	rootObject = 7B9FF5482193C99200E9684E /* Project object */;
}
