// !$*UTF8*$!
{
	archiveVersion = 1;
	classes = {
	};
	objectVersion = 50;
	objects = {

/* Begin PBXBuildFile section */
		7B6C7D7F21BA08F80077E9E3 /* AppDelegate.swift in Sources */ = {isa = PBXBuildFile; fileRef = 7B6C7D7E21BA08F80077E9E3 /* AppDelegate.swift */; };
		7B6C7D8121BA08F80077E9E3 /* ViewController.swift in Sources */ = {isa = PBXBuildFile; fileRef = 7B6C7D8021BA08F80077E9E3 /* ViewController.swift */; };
		7B6C7D8421BA08F80077E9E3 /* Main.storyboard in Resources */ = {isa = PBXBuildFile; fileRef = 7B6C7D8221BA08F80077E9E3 /* Main.storyboard */; };
		7B6C7D8621BA08FA0077E9E3 /* Assets.xcassets in Resources */ = {isa = PBXBuildFile; fileRef = 7B6C7D8521BA08FA0077E9E3 /* Assets.xcassets */; };
		7B6C7D8921BA08FA0077E9E3 /* LaunchScreen.storyboard in Resources */ = {isa = PBXBuildFile; fileRef = 7B6C7D8721BA08FA0077E9E3 /* LaunchScreen.storyboard */; };
		7B6C7D9221BA13110077E9E3 /* UIimage.swift in Sources */ = {isa = PBXBuildFile; fileRef = 7B6C7D9121BA13110077E9E3 /* UIimage.swift */; };
		7B6C7D9421BA15310077E9E3 /* PhotoCell.swift in Sources */ = {isa = PBXBuildFile; fileRef = 7B6C7D9321BA15310077E9E3 /* PhotoCell.swift */; };
		7B6C7D9621BA15580077E9E3 /* CollectionViewController.swift in Sources */ = {isa = PBXBuildFile; fileRef = 7B6C7D9521BA15580077E9E3 /* CollectionViewController.swift */; };
		7B6C7D9921BA164E0077E9E3 /* ZoomedPhotoViewController.swift in Sources */ = {isa = PBXBuildFile; fileRef = 7B6C7D9821BA164E0077E9E3 /* ZoomedPhotoViewController.swift */; };
		7B6C7D9C21BA183B0077E9E3 /* PhotoCommentViewController.swift in Sources */ = {isa = PBXBuildFile; fileRef = 7B6C7D9B21BA183B0077E9E3 /* PhotoCommentViewController.swift */; };
		7B6C7D9F21BA18CF0077E9E3 /* ManagePageViewController.swift in Sources */ = {isa = PBXBuildFile; fileRef = 7B6C7D9E21BA18CF0077E9E3 /* ManagePageViewController.swift */; };
/* End PBXBuildFile section */

/* Begin PBXFileReference section */
		7B6C7D7B21BA08F80077E9E3 /* Project09-shotoScroll.app */ = {isa = PBXFileReference; explicitFileType = wrapper.application; includeInIndex = 0; path = "Project09-shotoScroll.app"; sourceTree = BUILT_PRODUCTS_DIR; };
		7B6C7D7E21BA08F80077E9E3 /* AppDelegate.swift */ = {isa = PBXFileReference; lastKnownFileType = sourcecode.swift; path = AppDelegate.swift; sourceTree = "<group>"; };
		7B6C7D8021BA08F80077E9E3 /* ViewController.swift */ = {isa = PBXFileReference; lastKnownFileType = sourcecode.swift; path = ViewController.swift; sourceTree = "<group>"; };
		7B6C7D8321BA08F80077E9E3 /* Base */ = {isa = PBXFileReference; lastKnownFileType = file.storyboard; name = Base; path = Base.lproj/Main.storyboard; sourceTree = "<group>"; };
		7B6C7D8521BA08FA0077E9E3 /* Assets.xcassets */ = {isa = PBXFileReference; lastKnownFileType = folder.assetcatalog; path = Assets.xcassets; sourceTree = "<group>"; };
		7B6C7D8821BA08FA0077E9E3 /* Base */ = {isa = PBXFileReference; lastKnownFileType = file.storyboard; name = Base; path = Base.lproj/LaunchScreen.storyboard; sourceTree = "<group>"; };
		7B6C7D8A21BA08FA0077E9E3 /* Info.plist */ = {isa = PBXFileReference; lastKnownFileType = text.plist.xml; path = Info.plist; sourceTree = "<group>"; };
		7B6C7D9121BA13110077E9E3 /* UIimage.swift */ = {isa = PBXFileReference; lastKnownFileType = sourcecode.swift; path = UIimage.swift; sourceTree = "<group>"; };
		7B6C7D9321BA15310077E9E3 /* PhotoCell.swift */ = {isa = PBXFileReference; lastKnownFileType = sourcecode.swift; path = PhotoCell.swift; sourceTree = "<group>"; };
		7B6C7D9521BA15580077E9E3 /* CollectionViewController.swift */ = {isa = PBXFileReference; lastKnownFileType = sourcecode.swift; path = CollectionViewController.swift; sourceTree = "<group>"; };
		7B6C7D9821BA164E0077E9E3 /* ZoomedPhotoViewController.swift */ = {isa = PBXFileReference; lastKnownFileType = sourcecode.swift; path = ZoomedPhotoViewController.swift; sourceTree = "<group>"; };
		7B6C7D9B21BA183B0077E9E3 /* PhotoCommentViewController.swift */ = {isa = PBXFileReference; lastKnownFileType = sourcecode.swift; path = PhotoCommentViewController.swift; sourceTree = "<group>"; };
		7B6C7D9E21BA18CF0077E9E3 /* ManagePageViewController.swift */ = {isa = PBXFileReference; lastKnownFileType = sourcecode.swift; path = ManagePageViewController.swift; sourceTree = "<group>"; };
/* End PBXFileReference section */

/* Begin PBXFrameworksBuildPhase section */
		7B6C7D7821BA08F80077E9E3 /* Frameworks */ = {
			isa = PBXFrameworksBuildPhase;
			buildActionMask = 2147483647;
			files = (
			);
			runOnlyForDeploymentPostprocessing = 0;
		};
/* End PBXFrameworksBuildPhase section */

/* Begin PBXGroup section */
		7B6C7D7221BA08F80077E9E3 = {
			isa = PBXGroup;
			children = (
				7B6C7D7D21BA08F80077E9E3 /* Project09-shotoScroll */,
				7B6C7D7C21BA08F80077E9E3 /* Products */,
			);
			sourceTree = "<group>";
		};
		7B6C7D7C21BA08F80077E9E3 /* Products */ = {
			isa = PBXGroup;
			children = (
				7B6C7D7B21BA08F80077E9E3 /* Project09-shotoScroll.app */,
			);
			name = Products;
			sourceTree = "<group>";
		};
		7B6C7D7D21BA08F80077E9E3 /* Project09-shotoScroll */ = {
			isa = PBXGroup;
			children = (
				7B6C7D9D21BA18BC0077E9E3 /* Paging */,
				7B6C7D9A21BA182B0077E9E3 /* Comment */,
				7B6C7D9721BA16340077E9E3 /* Zooming */,
				7B6C7D9021BA12F30077E9E3 /* Collection */,
				7B6C7D7E21BA08F80077E9E3 /* AppDelegate.swift */,
				7B6C7D8021BA08F80077E9E3 /* ViewController.swift */,
				7B6C7D8221BA08F80077E9E3 /* Main.storyboard */,
				7B6C7D8521BA08FA0077E9E3 /* Assets.xcassets */,
				7B6C7D8721BA08FA0077E9E3 /* LaunchScreen.storyboard */,
				7B6C7D8A21BA08FA0077E9E3 /* Info.plist */,
			);
			path = "Project09-shotoScroll";
			sourceTree = "<group>";
		};
		7B6C7D9021BA12F30077E9E3 /* Collection */ = {
			isa = PBXGroup;
			children = (
				7B6C7D9121BA13110077E9E3 /* UIimage.swift */,
				7B6C7D9321BA15310077E9E3 /* PhotoCell.swift */,
				7B6C7D9521BA15580077E9E3 /* CollectionViewController.swift */,
			);
			path = Collection;
			sourceTree = "<group>";
		};
		7B6C7D9721BA16340077E9E3 /* Zooming */ = {
			isa = PBXGroup;
			children = (
				7B6C7D9821BA164E0077E9E3 /* ZoomedPhotoViewController.swift */,
			);
			path = Zooming;
			sourceTree = "<group>";
		};
		7B6C7D9A21BA182B0077E9E3 /* Comment */ = {
			isa = PBXGroup;
			children = (
				7B6C7D9B21BA183B0077E9E3 /* PhotoCommentViewController.swift */,
			);
			path = Comment;
			sourceTree = "<group>";
		};
		7B6C7D9D21BA18BC0077E9E3 /* Paging */ = {
			isa = PBXGroup;
			children = (
				7B6C7D9E21BA18CF0077E9E3 /* ManagePageViewController.swift */,
			);
			path = Paging;
			sourceTree = "<group>";
		};
/* End PBXGroup section */

/* Begin PBXNativeTarget section */
		7B6C7D7A21BA08F80077E9E3 /* Project09-shotoScroll */ = {
			isa = PBXNativeTarget;
			buildConfigurationList = 7B6C7D8D21BA08FA0077E9E3 /* Build configuration list for PBXNativeTarget "Project09-shotoScroll" */;
			buildPhases = (
				7B6C7D7721BA08F80077E9E3 /* Sources */,
				7B6C7D7821BA08F80077E9E3 /* Frameworks */,
				7B6C7D7921BA08F80077E9E3 /* Resources */,
			);
			buildRules = (
			);
			dependencies = (
			);
			name = "Project09-shotoScroll";
			productName = "Project09-shotoScroll";
			productReference = 7B6C7D7B21BA08F80077E9E3 /* Project09-shotoScroll.app */;
			productType = "com.apple.product-type.application";
		};
/* End PBXNativeTarget section */

/* Begin PBXProject section */
		7B6C7D7321BA08F80077E9E3 /* Project object */ = {
			isa = PBXProject;
			attributes = {
				LastSwiftUpdateCheck = 1010;
				LastUpgradeCheck = 1010;
				ORGANIZATIONNAME = dev;
				TargetAttributes = {
					7B6C7D7A21BA08F80077E9E3 = {
						CreatedOnToolsVersion = 10.1;
					};
				};
			};
			buildConfigurationList = 7B6C7D7621BA08F80077E9E3 /* Build configuration list for PBXProject "Project09-shotoScroll" */;
			compatibilityVersion = "Xcode 9.3";
			developmentRegion = en;
			hasScannedForEncodings = 0;
			knownRegions = (
				en,
				Base,
			);
			mainGroup = 7B6C7D7221BA08F80077E9E3;
			productRefGroup = 7B6C7D7C21BA08F80077E9E3 /* Products */;
			projectDirPath = "";
			projectRoot = "";
			targets = (
				7B6C7D7A21BA08F80077E9E3 /* Project09-shotoScroll */,
			);
		};
/* End PBXProject section */

/* Begin PBXResourcesBuildPhase section */
		7B6C7D7921BA08F80077E9E3 /* Resources */ = {
			isa = PBXResourcesBuildPhase;
			buildActionMask = 2147483647;
			files = (
				7B6C7D8921BA08FA0077E9E3 /* LaunchScreen.storyboard in Resources */,
				7B6C7D8621BA08FA0077E9E3 /* Assets.xcassets in Resources */,
				7B6C7D8421BA08F80077E9E3 /* Main.storyboard in Resources */,
			);
			runOnlyForDeploymentPostprocessing = 0;
		};
/* End PBXResourcesBuildPhase section */

/* Begin PBXSourcesBuildPhase section */
		7B6C7D7721BA08F80077E9E3 /* Sources */ = {
			isa = PBXSourcesBuildPhase;
			buildActionMask = 2147483647;
			files = (
				7B6C7D9421BA15310077E9E3 /* PhotoCell.swift in Sources */,
				7B6C7D9221BA13110077E9E3 /* UIimage.swift in Sources */,
				7B6C7D8121BA08F80077E9E3 /* ViewController.swift in Sources */,
				7B6C7D9921BA164E0077E9E3 /* ZoomedPhotoViewController.swift in Sources */,
				7B6C7D7F21BA08F80077E9E3 /* AppDelegate.swift in Sources */,
				7B6C7D9C21BA183B0077E9E3 /* PhotoCommentViewController.swift in Sources */,
				7B6C7D9F21BA18CF0077E9E3 /* ManagePageViewController.swift in Sources */,
				7B6C7D9621BA15580077E9E3 /* CollectionViewController.swift in Sources */,
			);
			runOnlyForDeploymentPostprocessing = 0;
		};
/* End PBXSourcesBuildPhase section */

/* Begin PBXVariantGroup section */
		7B6C7D8221BA08F80077E9E3 /* Main.storyboard */ = {
			isa = PBXVariantGroup;
			children = (
				7B6C7D8321BA08F80077E9E3 /* Base */,
			);
			name = Main.storyboard;
			sourceTree = "<group>";
		};
		7B6C7D8721BA08FA0077E9E3 /* LaunchScreen.storyboard */ = {
			isa = PBXVariantGroup;
			children = (
				7B6C7D8821BA08FA0077E9E3 /* Base */,
			);
			name = LaunchScreen.storyboard;
			sourceTree = "<group>";
		};
/* End PBXVariantGroup section */

/* Begin XCBuildConfiguration section */
		7B6C7D8B21BA08FA0077E9E3 /* Debug */ = {
			isa = XCBuildConfiguration;
			buildSettings = {
				ALWAYS_SEARCH_USER_PATHS = NO;
				CLANG_ANALYZER_NONNULL = YES;
				CLANG_ANALYZER_NUMBER_OBJECT_CONVERSION = YES_AGGRESSIVE;
				CLANG_CXX_LANGUAGE_STANDARD = "gnu++14";
				CLANG_CXX_LIBRARY = "libc++";
				CLANG_ENABLE_MODULES = YES;
				CLANG_ENABLE_OBJC_ARC = YES;
				CLANG_ENABLE_OBJC_WEAK = YES;
				CLANG_WARN_BLOCK_CAPTURE_AUTORELEASING = YES;
				CLANG_WARN_BOOL_CONVERSION = YES;
				CLANG_WARN_COMMA = YES;
				CLANG_WARN_CONSTANT_CONVERSION = YES;
				CLANG_WARN_DEPRECATED_OBJC_IMPLEMENTATIONS = YES;
				CLANG_WARN_DIRECT_OBJC_ISA_USAGE = YES_ERROR;
				CLANG_WARN_DOCUMENTATION_COMMENTS = YES;
				CLANG_WARN_EMPTY_BODY = YES;
				CLANG_WARN_ENUM_CONVERSION = YES;
				CLANG_WARN_INFINITE_RECURSION = YES;
				CLANG_WARN_INT_CONVERSION = YES;
				CLANG_WARN_NON_LITERAL_NULL_CONVERSION = YES;
				CLANG_WARN_OBJC_IMPLICIT_RETAIN_SELF = YES;
				CLANG_WARN_OBJC_LITERAL_CONVERSION = YES;
				CLANG_WARN_OBJC_ROOT_CLASS = YES_ERROR;
				CLANG_WARN_RANGE_LOOP_ANALYSIS = YES;
				CLANG_WARN_STRICT_PROTOTYPES = YES;
				CLANG_WARN_SUSPICIOUS_MOVE = YES;
				CLANG_WARN_UNGUARDED_AVAILABILITY = YES_AGGRESSIVE;
				CLANG_WARN_UNREACHABLE_CODE = YES;
				CLANG_WARN__DUPLICATE_METHOD_MATCH = YES;
				CODE_SIGN_IDENTITY = "iPhone Developer";
				COPY_PHASE_STRIP = NO;
				DEBUG_INFORMATION_FORMAT = dwarf;
				ENABLE_STRICT_OBJC_MSGSEND = YES;
				ENABLE_TESTABILITY = YES;
				GCC_C_LANGUAGE_STANDARD = gnu11;
				GCC_DYNAMIC_NO_PIC = NO;
				GCC_NO_COMMON_BLOCKS = YES;
				GCC_OPTIMIZATION_LEVEL = 0;
				GCC_PREPROCESSOR_DEFINITIONS = (
					"DEBUG=1",
					"$(inherited)",
				);
				GCC_WARN_64_TO_32_BIT_CONVERSION = YES;
				GCC_WARN_ABOUT_RETURN_TYPE = YES_ERROR;
				GCC_WARN_UNDECLARED_SELECTOR = YES;
				GCC_WARN_UNINITIALIZED_AUTOS = YES_AGGRESSIVE;
				GCC_WARN_UNUSED_FUNCTION = YES;
				GCC_WARN_UNUSED_VARIABLE = YES;
				IPHONEOS_DEPLOYMENT_TARGET = 12.1;
				MTL_ENABLE_DEBUG_INFO = INCLUDE_SOURCE;
				MTL_FAST_MATH = YES;
				ONLY_ACTIVE_ARCH = YES;
				SDKROOT = iphoneos;
				SWIFT_ACTIVE_COMPILATION_CONDITIONS = DEBUG;
				SWIFT_OPTIMIZATION_LEVEL = "-Onone";
			};
			name = Debug;
		};
		7B6C7D8C21BA08FA0077E9E3 /* Release */ = {
			isa = XCBuildConfiguration;
			buildSettings = {
				ALWAYS_SEARCH_USER_PATHS = NO;
				CLANG_ANALYZER_NONNULL = YES;
				CLANG_ANALYZER_NUMBER_OBJECT_CONVERSION = YES_AGGRESSIVE;
				CLANG_CXX_LANGUAGE_STANDARD = "gnu++14";
				CLANG_CXX_LIBRARY = "libc++";
				CLANG_ENABLE_MODULES = YES;
				CLANG_ENABLE_OBJC_ARC = YES;
				CLANG_ENABLE_OBJC_WEAK = YES;
				CLANG_WARN_BLOCK_CAPTURE_AUTORELEASING = YES;
				CLANG_WARN_BOOL_CONVERSION = YES;
				CLANG_WARN_COMMA = YES;
				CLANG_WARN_CONSTANT_CONVERSION = YES;
				CLANG_WARN_DEPRECATED_OBJC_IMPLEMENTATIONS = YES;
				CLANG_WARN_DIRECT_OBJC_ISA_USAGE = YES_ERROR;
				CLANG_WARN_DOCUMENTATION_COMMENTS = YES;
				CLANG_WARN_EMPTY_BODY = YES;
				CLANG_WARN_ENUM_CONVERSION = YES;
				CLANG_WARN_INFINITE_RECURSION = YES;
				CLANG_WARN_INT_CONVERSION = YES;
				CLANG_WARN_NON_LITERAL_NULL_CONVERSION = YES;
				CLANG_WARN_OBJC_IMPLICIT_RETAIN_SELF = YES;
				CLANG_WARN_OBJC_LITERAL_CONVERSION = YES;
				CLANG_WARN_OBJC_ROOT_CLASS = YES_ERROR;
				CLANG_WARN_RANGE_LOOP_ANALYSIS = YES;
				CLANG_WARN_STRICT_PROTOTYPES = YES;
				CLANG_WARN_SUSPICIOUS_MOVE = YES;
				CLANG_WARN_UNGUARDED_AVAILABILITY = YES_AGGRESSIVE;
				CLANG_WARN_UNREACHABLE_CODE = YES;
				CLANG_WARN__DUPLICATE_METHOD_MATCH = YES;
				CODE_SIGN_IDENTITY = "iPhone Developer";
				COPY_PHASE_STRIP = NO;
				DEBUG_INFORMATION_FORMAT = "dwarf-with-dsym";
				ENABLE_NS_ASSERTIONS = NO;
				ENABLE_STRICT_OBJC_MSGSEND = YES;
				GCC_C_LANGUAGE_STANDARD = gnu11;
				GCC_NO_COMMON_BLOCKS = YES;
				GCC_WARN_64_TO_32_BIT_CONVERSION = YES;
				GCC_WARN_ABOUT_RETURN_TYPE = YES_ERROR;
				GCC_WARN_UNDECLARED_SELECTOR = YES;
				GCC_WARN_UNINITIALIZED_AUTOS = YES_AGGRESSIVE;
				GCC_WARN_UNUSED_FUNCTION = YES;
				GCC_WARN_UNUSED_VARIABLE = YES;
				IPHONEOS_DEPLOYMENT_TARGET = 12.1;
				MTL_ENABLE_DEBUG_INFO = NO;
				MTL_FAST_MATH = YES;
				SDKROOT = iphoneos;
				SWIFT_COMPILATION_MODE = wholemodule;
				SWIFT_OPTIMIZATION_LEVEL = "-O";
				VALIDATE_PRODUCT = YES;
			};
			name = Release;
		};
		7B6C7D8E21BA08FA0077E9E3 /* Debug */ = {
			isa = XCBuildConfiguration;
			buildSettings = {
				ASSETCATALOG_COMPILER_APPICON_NAME = AppIcon;
				CODE_SIGN_STYLE = Manual;
				DEVELOPMENT_TEAM = "";
				INFOPLIST_FILE = "Project09-shotoScroll/Info.plist";
				IPHONEOS_DEPLOYMENT_TARGET = 10.0;
				LD_RUNPATH_SEARCH_PATHS = (
					"$(inherited)",
					"@executable_path/Frameworks",
				);
				PRODUCT_BUNDLE_IDENTIFIER = "dev.qin.Project09-shotoScroll";
				PRODUCT_NAME = "$(TARGET_NAME)";
				PROVISIONING_PROFILE_SPECIFIER = "";
				SWIFT_VERSION = 4.2;
				TARGETED_DEVICE_FAMILY = "1,2";
			};
			name = Debug;
		};
		7B6C7D8F21BA08FA0077E9E3 /* Release */ = {
			isa = XCBuildConfiguration;
			buildSettings = {
				ASSETCATALOG_COMPILER_APPICON_NAME = AppIcon;
				CODE_SIGN_STYLE = Manual;
				DEVELOPMENT_TEAM = "";
				INFOPLIST_FILE = "Project09-shotoScroll/Info.plist";
				IPHONEOS_DEPLOYMENT_TARGET = 10.0;
				LD_RUNPATH_SEARCH_PATHS = (
					"$(inherited)",
					"@executable_path/Frameworks",
				);
				PRODUCT_BUNDLE_IDENTIFIER = "dev.qin.Project09-shotoScroll";
				PRODUCT_NAME = "$(TARGET_NAME)";
				PROVISIONING_PROFILE_SPECIFIER = "";
				SWIFT_VERSION = 4.2;
				TARGETED_DEVICE_FAMILY = "1,2";
			};
			name = Release;
		};
/* End XCBuildConfiguration section */

/* Begin XCConfigurationList section */
		7B6C7D7621BA08F80077E9E3 /* Build configuration list for PBXProject "Project09-shotoScroll" */ = {
			isa = XCConfigurationList;
			buildConfigurations = (
				7B6C7D8B21BA08FA0077E9E3 /* Debug */,
				7B6C7D8C21BA08FA0077E9E3 /* Release */,
			);
			defaultConfigurationIsVisible = 0;
			defaultConfigurationName = Release;
		};
		7B6C7D8D21BA08FA0077E9E3 /* Build configuration list for PBXNativeTarget "Project09-shotoScroll" */ = {
			isa = XCConfigurationList;
			buildConfigurations = (
				7B6C7D8E21BA08FA0077E9E3 /* Debug */,
				7B6C7D8F21BA08FA0077E9E3 /* Release */,
			);
			defaultConfigurationIsVisible = 0;
			defaultConfigurationName = Release;
		};
/* End XCConfigurationList section */
	};
	rootObject = 7B6C7D7321BA08F80077E9E3 /* Project object */;
}
