// !$*UTF8*$!
{
	archiveVersion = 1;
	classes = {
	};
	objectVersion = 50;
	objects = {

/* Begin PBXBuildFile section */
		7B4C5D5A21B6759300460D9E /* AppDelegate.swift in Sources */ = {isa = PBXBuildFile; fileRef = 7B4C5D5921B6759300460D9E /* AppDelegate.swift */; };
		7B4C5D5C21B6759300460D9E /* ViewController.swift in Sources */ = {isa = PBXBuildFile; fileRef = 7B4C5D5B21B6759300460D9E /* ViewController.swift */; };
		7B4C5D5F21B6759300460D9E /* Main.storyboard in Resources */ = {isa = PBXBuildFile; fileRef = 7B4C5D5D21B6759300460D9E /* Main.storyboard */; };
		7B4C5D6121B6759900460D9E /* Assets.xcassets in Resources */ = {isa = PBXBuildFile; fileRef = 7B4C5D6021B6759900460D9E /* Assets.xcassets */; };
		7B4C5D6421B6759900460D9E /* LaunchScreen.storyboard in Resources */ = {isa = PBXBuildFile; fileRef = 7B4C5D6221B6759900460D9E /* LaunchScreen.storyboard */; };
		7B4C5D6C21B67A5900460D9E /* FeedParser.swift in Sources */ = {isa = PBXBuildFile; fileRef = 7B4C5D6B21B67A5900460D9E /* FeedParser.swift */; };
		7B4C5D6E21B682A800460D9E /* NewsTableViewController.swift in Sources */ = {isa = PBXBuildFile; fileRef = 7B4C5D6D21B682A800460D9E /* NewsTableViewController.swift */; };
		7B4C5D7021B6832A00460D9E /* NewsTableViewCell.swift in Sources */ = {isa = PBXBuildFile; fileRef = 7B4C5D6F21B6832A00460D9E /* NewsTableViewCell.swift */; };
/* End PBXBuildFile section */

/* Begin PBXFileReference section */
		7B4C5D5621B6759300460D9E /* Project08-SimpleRSSReader.app */ = {isa = PBXFileReference; explicitFileType = wrapper.application; includeInIndex = 0; path = "Project08-SimpleRSSReader.app"; sourceTree = BUILT_PRODUCTS_DIR; };
		7B4C5D5921B6759300460D9E /* AppDelegate.swift */ = {isa = PBXFileReference; lastKnownFileType = sourcecode.swift; path = AppDelegate.swift; sourceTree = "<group>"; };
		7B4C5D5B21B6759300460D9E /* ViewController.swift */ = {isa = PBXFileReference; lastKnownFileType = sourcecode.swift; path = ViewController.swift; sourceTree = "<group>"; };
		7B4C5D5E21B6759300460D9E /* Base */ = {isa = PBXFileReference; lastKnownFileType = file.storyboard; name = Base; path = Base.lproj/Main.storyboard; sourceTree = "<group>"; };
		7B4C5D6021B6759900460D9E /* Assets.xcassets */ = {isa = PBXFileReference; lastKnownFileType = folder.assetcatalog; path = Assets.xcassets; sourceTree = "<group>"; };
		7B4C5D6321B6759900460D9E /* Base */ = {isa = PBXFileReference; lastKnownFileType = file.storyboard; name = Base; path = Base.lproj/LaunchScreen.storyboard; sourceTree = "<group>"; };
		7B4C5D6521B6759900460D9E /* Info.plist */ = {isa = PBXFileReference; lastKnownFileType = text.plist.xml; path = Info.plist; sourceTree = "<group>"; };
		7B4C5D6B21B67A5900460D9E /* FeedParser.swift */ = {isa = PBXFileReference; lastKnownFileType = sourcecode.swift; path = FeedParser.swift; sourceTree = "<group>"; };
		7B4C5D6D21B682A800460D9E /* NewsTableViewController.swift */ = {isa = PBXFileReference; lastKnownFileType = sourcecode.swift; path = NewsTableViewController.swift; sourceTree = "<group>"; };
		7B4C5D6F21B6832A00460D9E /* NewsTableViewCell.swift */ = {isa = PBXFileReference; lastKnownFileType = sourcecode.swift; path = NewsTableViewCell.swift; sourceTree = "<group>"; };
/* End PBXFileReference section */

/* Begin PBXFrameworksBuildPhase section */
		7B4C5D5321B6759300460D9E /* Frameworks */ = {
			isa = PBXFrameworksBuildPhase;
			buildActionMask = 2147483647;
			files = (
			);
			runOnlyForDeploymentPostprocessing = 0;
		};
/* End PBXFrameworksBuildPhase section */

/* Begin PBXGroup section */
		7B4C5D4D21B6759300460D9E = {
			isa = PBXGroup;
			children = (
				7B4C5D5821B6759300460D9E /* Project08-SimpleRSSReader */,
				7B4C5D5721B6759300460D9E /* Products */,
			);
			sourceTree = "<group>";
		};
		7B4C5D5721B6759300460D9E /* Products */ = {
			isa = PBXGroup;
			children = (
				7B4C5D5621B6759300460D9E /* Project08-SimpleRSSReader.app */,
			);
			name = Products;
			sourceTree = "<group>";
		};
		7B4C5D5821B6759300460D9E /* Project08-SimpleRSSReader */ = {
			isa = PBXGroup;
			children = (
				7B4C5D5921B6759300460D9E /* AppDelegate.swift */,
				7B4C5D5B21B6759300460D9E /* ViewController.swift */,
				7B4C5D5D21B6759300460D9E /* Main.storyboard */,
				7B4C5D6021B6759900460D9E /* Assets.xcassets */,
				7B4C5D6221B6759900460D9E /* LaunchScreen.storyboard */,
				7B4C5D6521B6759900460D9E /* Info.plist */,
				7B4C5D6B21B67A5900460D9E /* FeedParser.swift */,
				7B4C5D6D21B682A800460D9E /* NewsTableViewController.swift */,
				7B4C5D6F21B6832A00460D9E /* NewsTableViewCell.swift */,
			);
			path = "Project08-SimpleRSSReader";
			sourceTree = "<group>";
		};
/* End PBXGroup section */

/* Begin PBXNativeTarget section */
		7B4C5D5521B6759300460D9E /* Project08-SimpleRSSReader */ = {
			isa = PBXNativeTarget;
			buildConfigurationList = 7B4C5D6821B6759900460D9E /* Build configuration list for PBXNativeTarget "Project08-SimpleRSSReader" */;
			buildPhases = (
				7B4C5D5221B6759300460D9E /* Sources */,
				7B4C5D5321B6759300460D9E /* Frameworks */,
				7B4C5D5421B6759300460D9E /* Resources */,
			);
			buildRules = (
			);
			dependencies = (
			);
			name = "Project08-SimpleRSSReader";
			productName = "Project08-SimpleRSSReader";
			productReference = 7B4C5D5621B6759300460D9E /* Project08-SimpleRSSReader.app */;
			productType = "com.apple.product-type.application";
		};
/* End PBXNativeTarget section */

/* Begin PBXProject section */
		7B4C5D4E21B6759300460D9E /* Project object */ = {
			isa = PBXProject;
			attributes = {
				LastSwiftUpdateCheck = 1010;
				LastUpgradeCheck = 1010;
				ORGANIZATIONNAME = dev;
				TargetAttributes = {
					7B4C5D5521B6759300460D9E = {
						CreatedOnToolsVersion = 10.1;
					};
				};
			};
			buildConfigurationList = 7B4C5D5121B6759300460D9E /* Build configuration list for PBXProject "Project08-SimpleRSSReader" */;
			compatibilityVersion = "Xcode 9.3";
			developmentRegion = en;
			hasScannedForEncodings = 0;
			knownRegions = (
				en,
				Base,
			);
			mainGroup = 7B4C5D4D21B6759300460D9E;
			productRefGroup = 7B4C5D5721B6759300460D9E /* Products */;
			projectDirPath = "";
			projectRoot = "";
			targets = (
				7B4C5D5521B6759300460D9E /* Project08-SimpleRSSReader */,
			);
		};
/* End PBXProject section */

/* Begin PBXResourcesBuildPhase section */
		7B4C5D5421B6759300460D9E /* Resources */ = {
			isa = PBXResourcesBuildPhase;
			buildActionMask = 2147483647;
			files = (
				7B4C5D6421B6759900460D9E /* LaunchScreen.storyboard in Resources */,
				7B4C5D6121B6759900460D9E /* Assets.xcassets in Resources */,
				7B4C5D5F21B6759300460D9E /* Main.storyboard in Resources */,
			);
			runOnlyForDeploymentPostprocessing = 0;
		};
/* End PBXResourcesBuildPhase section */

/* Begin PBXSourcesBuildPhase section */
		7B4C5D5221B6759300460D9E /* Sources */ = {
			isa = PBXSourcesBuildPhase;
			buildActionMask = 2147483647;
			files = (
				7B4C5D6E21B682A800460D9E /* NewsTableViewController.swift in Sources */,
				7B4C5D6C21B67A5900460D9E /* FeedParser.swift in Sources */,
				7B4C5D7021B6832A00460D9E /* NewsTableViewCell.swift in Sources */,
				7B4C5D5C21B6759300460D9E /* ViewController.swift in Sources */,
				7B4C5D5A21B6759300460D9E /* AppDelegate.swift in Sources */,
			);
			runOnlyForDeploymentPostprocessing = 0;
		};
/* End PBXSourcesBuildPhase section */

/* Begin PBXVariantGroup section */
		7B4C5D5D21B6759300460D9E /* Main.storyboard */ = {
			isa = PBXVariantGroup;
			children = (
				7B4C5D5E21B6759300460D9E /* Base */,
			);
			name = Main.storyboard;
			sourceTree = "<group>";
		};
		7B4C5D6221B6759900460D9E /* LaunchScreen.storyboard */ = {
			isa = PBXVariantGroup;
			children = (
				7B4C5D6321B6759900460D9E /* Base */,
			);
			name = LaunchScreen.storyboard;
			sourceTree = "<group>";
		};
/* End PBXVariantGroup section */

/* Begin XCBuildConfiguration section */
		7B4C5D6621B6759900460D9E /* Debug */ = {
			isa = XCBuildConfiguration;
			buildSettings = {
				ALWAYS_SEARCH_USER_PATHS = NO;
				CLANG_ANALYZER_NONNULL = YES;
				CLANG_ANALYZER_NUMBER_OBJECT_CONVERSION = YES_AGGRESSIVE;
				CLANG_CXX_LANGUAGE_STANDARD = "gnu++14";
				CLANG_CXX_LIBRARY = "libc++";
				CLANG_ENABLE_MODULES = YES;
				CLANG_ENABLE_OBJC_ARC = YES;
				CLANG_ENABLE_OBJC_WEAK = YES;
				CLANG_WARN_BLOCK_CAPTURE_AUTORELEASING = YES;
				CLANG_WARN_BOOL_CONVERSION = YES;
				CLANG_WARN_COMMA = YES;
				CLANG_WARN_CONSTANT_CONVERSION = YES;
				CLANG_WARN_DEPRECATED_OBJC_IMPLEMENTATIONS = YES;
				CLANG_WARN_DIRECT_OBJC_ISA_USAGE = YES_ERROR;
				CLANG_WARN_DOCUMENTATION_COMMENTS = YES;
				CLANG_WARN_EMPTY_BODY = YES;
				CLANG_WARN_ENUM_CONVERSION = YES;
				CLANG_WARN_INFINITE_RECURSION = YES;
				CLANG_WARN_INT_CONVERSION = YES;
				CLANG_WARN_NON_LITERAL_NULL_CONVERSION = YES;
				CLANG_WARN_OBJC_IMPLICIT_RETAIN_SELF = YES;
				CLANG_WARN_OBJC_LITERAL_CONVERSION = YES;
				CLANG_WARN_OBJC_ROOT_CLASS = YES_ERROR;
				CLANG_WARN_RANGE_LOOP_ANALYSIS = YES;
				CLANG_WARN_STRICT_PROTOTYPES = YES;
				CLANG_WARN_SUSPICIOUS_MOVE = YES;
				CLANG_WARN_UNGUARDED_AVAILABILITY = YES_AGGRESSIVE;
				CLANG_WARN_UNREACHABLE_CODE = YES;
				CLANG_WARN__DUPLICATE_METHOD_MATCH = YES;
				CODE_SIGN_IDENTITY = "iPhone Developer";
				COPY_PHASE_STRIP = NO;
				DEBUG_INFORMATION_FORMAT = dwarf;
				ENABLE_STRICT_OBJC_MSGSEND = YES;
				ENABLE_TESTABILITY = YES;
				GCC_C_LANGUAGE_STANDARD = gnu11;
				GCC_DYNAMIC_NO_PIC = NO;
				GCC_NO_COMMON_BLOCKS = YES;
				GCC_OPTIMIZATION_LEVEL = 0;
				GCC_PREPROCESSOR_DEFINITIONS = (
					"DEBUG=1",
					"$(inherited)",
				);
				GCC_WARN_64_TO_32_BIT_CONVERSION = YES;
				GCC_WARN_ABOUT_RETURN_TYPE = YES_ERROR;
				GCC_WARN_UNDECLARED_SELECTOR = YES;
				GCC_WARN_UNINITIALIZED_AUTOS = YES_AGGRESSIVE;
				GCC_WARN_UNUSED_FUNCTION = YES;
				GCC_WARN_UNUSED_VARIABLE = YES;
				IPHONEOS_DEPLOYMENT_TARGET = 12.1;
				MTL_ENABLE_DEBUG_INFO = INCLUDE_SOURCE;
				MTL_FAST_MATH = YES;
				ONLY_ACTIVE_ARCH = YES;
				SDKROOT = iphoneos;
				SWIFT_ACTIVE_COMPILATION_CONDITIONS = DEBUG;
				SWIFT_OPTIMIZATION_LEVEL = "-Onone";
			};
			name = Debug;
		};
		7B4C5D6721B6759900460D9E /* Release */ = {
			isa = XCBuildConfiguration;
			buildSettings = {
				ALWAYS_SEARCH_USER_PATHS = NO;
				CLANG_ANALYZER_NONNULL = YES;
				CLANG_ANALYZER_NUMBER_OBJECT_CONVERSION = YES_AGGRESSIVE;
				CLANG_CXX_LANGUAGE_STANDARD = "gnu++14";
				CLANG_CXX_LIBRARY = "libc++";
				CLANG_ENABLE_MODULES = YES;
				CLANG_ENABLE_OBJC_ARC = YES;
				CLANG_ENABLE_OBJC_WEAK = YES;
				CLANG_WARN_BLOCK_CAPTURE_AUTORELEASING = YES;
				CLANG_WARN_BOOL_CONVERSION = YES;
				CLANG_WARN_COMMA = YES;
				CLANG_WARN_CONSTANT_CONVERSION = YES;
				CLANG_WARN_DEPRECATED_OBJC_IMPLEMENTATIONS = YES;
				CLANG_WARN_DIRECT_OBJC_ISA_USAGE = YES_ERROR;
				CLANG_WARN_DOCUMENTATION_COMMENTS = YES;
				CLANG_WARN_EMPTY_BODY = YES;
				CLANG_WARN_ENUM_CONVERSION = YES;
				CLANG_WARN_INFINITE_RECURSION = YES;
				CLANG_WARN_INT_CONVERSION = YES;
				CLANG_WARN_NON_LITERAL_NULL_CONVERSION = YES;
				CLANG_WARN_OBJC_IMPLICIT_RETAIN_SELF = YES;
				CLANG_WARN_OBJC_LITERAL_CONVERSION = YES;
				CLANG_WARN_OBJC_ROOT_CLASS = YES_ERROR;
				CLANG_WARN_RANGE_LOOP_ANALYSIS = YES;
				CLANG_WARN_STRICT_PROTOTYPES = YES;
				CLANG_WARN_SUSPICIOUS_MOVE = YES;
				CLANG_WARN_UNGUARDED_AVAILABILITY = YES_AGGRESSIVE;
				CLANG_WARN_UNREACHABLE_CODE = YES;
				CLANG_WARN__DUPLICATE_METHOD_MATCH = YES;
				CODE_SIGN_IDENTITY = "iPhone Developer";
				COPY_PHASE_STRIP = NO;
				DEBUG_INFORMATION_FORMAT = "dwarf-with-dsym";
				ENABLE_NS_ASSERTIONS = NO;
				ENABLE_STRICT_OBJC_MSGSEND = YES;
				GCC_C_LANGUAGE_STANDARD = gnu11;
				GCC_NO_COMMON_BLOCKS = YES;
				GCC_WARN_64_TO_32_BIT_CONVERSION = YES;
				GCC_WARN_ABOUT_RETURN_TYPE = YES_ERROR;
				GCC_WARN_UNDECLARED_SELECTOR = YES;
				GCC_WARN_UNINITIALIZED_AUTOS = YES_AGGRESSIVE;
				GCC_WARN_UNUSED_FUNCTION = YES;
				GCC_WARN_UNUSED_VARIABLE = YES;
				IPHONEOS_DEPLOYMENT_TARGET = 12.1;
				MTL_ENABLE_DEBUG_INFO = NO;
				MTL_FAST_MATH = YES;
				SDKROOT = iphoneos;
				SWIFT_COMPILATION_MODE = wholemodule;
				SWIFT_OPTIMIZATION_LEVEL = "-O";
				VALIDATE_PRODUCT = YES;
			};
			name = Release;
		};
		7B4C5D6921B6759900460D9E /* Debug */ = {
			isa = XCBuildConfiguration;
			buildSettings = {
				ASSETCATALOG_COMPILER_APPICON_NAME = AppIcon;
				CODE_SIGN_STYLE = Manual;
				DEVELOPMENT_TEAM = "";
				INFOPLIST_FILE = "Project08-SimpleRSSReader/Info.plist";
				IPHONEOS_DEPLOYMENT_TARGET = 10.0;
				LD_RUNPATH_SEARCH_PATHS = (
					"$(inherited)",
					"@executable_path/Frameworks",
				);
				PRODUCT_BUNDLE_IDENTIFIER = "dev.qin.Project08-SimpleRSSReader";
				PRODUCT_NAME = "$(TARGET_NAME)";
				PROVISIONING_PROFILE_SPECIFIER = "";
				SWIFT_VERSION = 4.2;
				TARGETED_DEVICE_FAMILY = "1,2";
			};
			name = Debug;
		};
		7B4C5D6A21B6759900460D9E /* Release */ = {
			isa = XCBuildConfiguration;
			buildSettings = {
				ASSETCATALOG_COMPILER_APPICON_NAME = AppIcon;
				CODE_SIGN_STYLE = Manual;
				DEVELOPMENT_TEAM = "";
				INFOPLIST_FILE = "Project08-SimpleRSSReader/Info.plist";
				IPHONEOS_DEPLOYMENT_TARGET = 10.0;
				LD_RUNPATH_SEARCH_PATHS = (
					"$(inherited)",
					"@executable_path/Frameworks",
				);
				PRODUCT_BUNDLE_IDENTIFIER = "dev.qin.Project08-SimpleRSSReader";
				PRODUCT_NAME = "$(TARGET_NAME)";
				PROVISIONING_PROFILE_SPECIFIER = "";
				SWIFT_VERSION = 4.2;
				TARGETED_DEVICE_FAMILY = "1,2";
			};
			name = Release;
		};
/* End XCBuildConfiguration section */

/* Begin XCConfigurationList section */
		7B4C5D5121B6759300460D9E /* Build configuration list for PBXProject "Project08-SimpleRSSReader" */ = {
			isa = XCConfigurationList;
			buildConfigurations = (
				7B4C5D6621B6759900460D9E /* Debug */,
				7B4C5D6721B6759900460D9E /* Release */,
			);
			defaultConfigurationIsVisible = 0;
			defaultConfigurationName = Release;
		};
		7B4C5D6821B6759900460D9E /* Build configuration list for PBXNativeTarget "Project08-SimpleRSSReader" */ = {
			isa = XCConfigurationList;
			buildConfigurations = (
				7B4C5D6921B6759900460D9E /* Debug */,
				7B4C5D6A21B6759900460D9E /* Release */,
			);
			defaultConfigurationIsVisible = 0;
			defaultConfigurationName = Release;
		};
/* End XCConfigurationList section */
	};
	rootObject = 7B4C5D4E21B6759300460D9E /* Project object */;
}
