// !$*UTF8*$!
{
	archiveVersion = 1;
	classes = {
	};
	objectVersion = 50;
	objects = {

/* Begin PBXBuildFile section */
		7B222C06219D182000AA7BAF /* ArtistTableViewCell.swift in Sources */ = {isa = PBXBuildFile; fileRef = 7B222C05219D182000AA7BAF /* ArtistTableViewCell.swift */; };
		7B222C08219D18A500AA7BAF /* WorkTableViewCell.swift in Sources */ = {isa = PBXBuildFile; fileRef = 7B222C07219D18A500AA7BAF /* WorkTableViewCell.swift */; };
		7B222C0B219D18ED00AA7BAF /* ArtistListViewController.swift in Sources */ = {isa = PBXBuildFile; fileRef = 7B222C0A219D18ED00AA7BAF /* ArtistListViewController.swift */; };
		7B222C0D219D1A0E00AA7BAF /* ArtistDetailViewController.swift in Sources */ = {isa = PBXBuildFile; fileRef = 7B222C0C219D1A0E00AA7BAF /* ArtistDetailViewController.swift */; };
		7B222C10219D1A2400AA7BAF /* Artist.swift in Sources */ = {isa = PBXBuildFile; fileRef = 7B222C0F219D1A2400AA7BAF /* Artist.swift */; };
		7B222C12219D1A2C00AA7BAF /* Work.swift in Sources */ = {isa = PBXBuildFile; fileRef = 7B222C11219D1A2C00AA7BAF /* Work.swift */; };
		7B222C13219D40D300AA7BAF /* artists.json in Resources */ = {isa = PBXBuildFile; fileRef = 7BDDB348219D13CE008939FA /* artists.json */; };
		7BDDB336219D0486008939FA /* AppDelegate.swift in Sources */ = {isa = PBXBuildFile; fileRef = 7BDDB335219D0486008939FA /* AppDelegate.swift */; };
		7BDDB338219D0486008939FA /* ViewController.swift in Sources */ = {isa = PBXBuildFile; fileRef = 7BDDB337219D0486008939FA /* ViewController.swift */; };
		7BDDB33B219D0486008939FA /* Main.storyboard in Resources */ = {isa = PBXBuildFile; fileRef = 7BDDB339219D0486008939FA /* Main.storyboard */; };
		7BDDB33D219D0489008939FA /* Assets.xcassets in Resources */ = {isa = PBXBuildFile; fileRef = 7BDDB33C219D0489008939FA /* Assets.xcassets */; };
		7BDDB340219D0489008939FA /* LaunchScreen.storyboard in Resources */ = {isa = PBXBuildFile; fileRef = 7BDDB33E219D0489008939FA /* LaunchScreen.storyboard */; };
/* End PBXBuildFile section */

/* Begin PBXFileReference section */
		7B222C05219D182000AA7BAF /* ArtistTableViewCell.swift */ = {isa = PBXFileReference; lastKnownFileType = sourcecode.swift; path = ArtistTableViewCell.swift; sourceTree = "<group>"; };
		7B222C07219D18A500AA7BAF /* WorkTableViewCell.swift */ = {isa = PBXFileReference; lastKnownFileType = sourcecode.swift; path = WorkTableViewCell.swift; sourceTree = "<group>"; };
		7B222C0A219D18ED00AA7BAF /* ArtistListViewController.swift */ = {isa = PBXFileReference; lastKnownFileType = sourcecode.swift; path = ArtistListViewController.swift; sourceTree = "<group>"; };
		7B222C0C219D1A0E00AA7BAF /* ArtistDetailViewController.swift */ = {isa = PBXFileReference; lastKnownFileType = sourcecode.swift; path = ArtistDetailViewController.swift; sourceTree = "<group>"; };
		7B222C0F219D1A2400AA7BAF /* Artist.swift */ = {isa = PBXFileReference; lastKnownFileType = sourcecode.swift; path = Artist.swift; sourceTree = "<group>"; };
		7B222C11219D1A2C00AA7BAF /* Work.swift */ = {isa = PBXFileReference; lastKnownFileType = sourcecode.swift; path = Work.swift; sourceTree = "<group>"; };
		7BDDB332219D0486008939FA /* Project 05 - Artistry.app */ = {isa = PBXFileReference; explicitFileType = wrapper.application; includeInIndex = 0; path = "Project 05 - Artistry.app"; sourceTree = BUILT_PRODUCTS_DIR; };
		7BDDB335219D0486008939FA /* AppDelegate.swift */ = {isa = PBXFileReference; lastKnownFileType = sourcecode.swift; path = AppDelegate.swift; sourceTree = "<group>"; };
		7BDDB337219D0486008939FA /* ViewController.swift */ = {isa = PBXFileReference; lastKnownFileType = sourcecode.swift; path = ViewController.swift; sourceTree = "<group>"; };
		7BDDB33A219D0486008939FA /* Base */ = {isa = PBXFileReference; lastKnownFileType = file.storyboard; name = Base; path = Base.lproj/Main.storyboard; sourceTree = "<group>"; };
		7BDDB33C219D0489008939FA /* Assets.xcassets */ = {isa = PBXFileReference; lastKnownFileType = folder.assetcatalog; path = Assets.xcassets; sourceTree = "<group>"; };
		7BDDB33F219D0489008939FA /* Base */ = {isa = PBXFileReference; lastKnownFileType = file.storyboard; name = Base; path = Base.lproj/LaunchScreen.storyboard; sourceTree = "<group>"; };
		7BDDB341219D0489008939FA /* Info.plist */ = {isa = PBXFileReference; lastKnownFileType = text.plist.xml; path = Info.plist; sourceTree = "<group>"; };
		7BDDB348219D13CE008939FA /* artists.json */ = {isa = PBXFileReference; lastKnownFileType = text.json; path = artists.json; sourceTree = "<group>"; };
/* End PBXFileReference section */

/* Begin PBXFrameworksBuildPhase section */
		7BDDB32F219D0486008939FA /* Frameworks */ = {
			isa = PBXFrameworksBuildPhase;
			buildActionMask = 2147483647;
			files = (
			);
			runOnlyForDeploymentPostprocessing = 0;
		};
/* End PBXFrameworksBuildPhase section */

/* Begin PBXGroup section */
		7B222C04219D180200AA7BAF /* Views */ = {
			isa = PBXGroup;
			children = (
				7B222C05219D182000AA7BAF /* ArtistTableViewCell.swift */,
				7B222C07219D18A500AA7BAF /* WorkTableViewCell.swift */,
			);
			path = Views;
			sourceTree = "<group>";
		};
		7B222C09219D18C500AA7BAF /* ViewControllers */ = {
			isa = PBXGroup;
			children = (
				7B222C0A219D18ED00AA7BAF /* ArtistListViewController.swift */,
				7B222C0C219D1A0E00AA7BAF /* ArtistDetailViewController.swift */,
			);
			path = ViewControllers;
			sourceTree = "<group>";
		};
		7B222C0E219D1A1300AA7BAF /* Models */ = {
			isa = PBXGroup;
			children = (
				7B222C0F219D1A2400AA7BAF /* Artist.swift */,
				7B222C11219D1A2C00AA7BAF /* Work.swift */,
			);
			path = Models;
			sourceTree = "<group>";
		};
		7BDDB329219D0486008939FA = {
			isa = PBXGroup;
			children = (
				7BDDB334219D0486008939FA /* Project 05 - Artistry */,
				7BDDB333219D0486008939FA /* Products */,
			);
			sourceTree = "<group>";
		};
		7BDDB333219D0486008939FA /* Products */ = {
			isa = PBXGroup;
			children = (
				7BDDB332219D0486008939FA /* Project 05 - Artistry.app */,
			);
			name = Products;
			sourceTree = "<group>";
		};
		7BDDB334219D0486008939FA /* Project 05 - Artistry */ = {
			isa = PBXGroup;
			children = (
				7B222C0E219D1A1300AA7BAF /* Models */,
				7B222C09219D18C500AA7BAF /* ViewControllers */,
				7B222C04219D180200AA7BAF /* Views */,
				7BDDB347219D13B4008939FA /* Resource */,
				7BDDB335219D0486008939FA /* AppDelegate.swift */,
				7BDDB337219D0486008939FA /* ViewController.swift */,
				7BDDB339219D0486008939FA /* Main.storyboard */,
				7BDDB33C219D0489008939FA /* Assets.xcassets */,
				7BDDB33E219D0489008939FA /* LaunchScreen.storyboard */,
				7BDDB341219D0489008939FA /* Info.plist */,
			);
			path = "Project 05 - Artistry";
			sourceTree = "<group>";
		};
		7BDDB347219D13B4008939FA /* Resource */ = {
			isa = PBXGroup;
			children = (
				7BDDB348219D13CE008939FA /* artists.json */,
			);
			path = Resource;
			sourceTree = "<group>";
		};
/* End PBXGroup section */

/* Begin PBXNativeTarget section */
		7BDDB331219D0486008939FA /* Project 05 - Artistry */ = {
			isa = PBXNativeTarget;
			buildConfigurationList = 7BDDB344219D0489008939FA /* Build configuration list for PBXNativeTarget "Project 05 - Artistry" */;
			buildPhases = (
				7BDDB32E219D0486008939FA /* Sources */,
				7BDDB32F219D0486008939FA /* Frameworks */,
				7BDDB330219D0486008939FA /* Resources */,
			);
			buildRules = (
			);
			dependencies = (
			);
			name = "Project 05 - Artistry";
			productName = "Project 05 - Artistry";
			productReference = 7BDDB332219D0486008939FA /* Project 05 - Artistry.app */;
			productType = "com.apple.product-type.application";
		};
/* End PBXNativeTarget section */

/* Begin PBXProject section */
		7BDDB32A219D0486008939FA /* Project object */ = {
			isa = PBXProject;
			attributes = {
				LastSwiftUpdateCheck = 1000;
				LastUpgradeCheck = 1000;
				ORGANIZATIONNAME = dev;
				TargetAttributes = {
					7BDDB331219D0486008939FA = {
						CreatedOnToolsVersion = 10.0;
					};
				};
			};
			buildConfigurationList = 7BDDB32D219D0486008939FA /* Build configuration list for PBXProject "Project 05 - Artistry" */;
			compatibilityVersion = "Xcode 9.3";
			developmentRegion = en;
			hasScannedForEncodings = 0;
			knownRegions = (
				en,
				Base,
			);
			mainGroup = 7BDDB329219D0486008939FA;
			productRefGroup = 7BDDB333219D0486008939FA /* Products */;
			projectDirPath = "";
			projectRoot = "";
			targets = (
				7BDDB331219D0486008939FA /* Project 05 - Artistry */,
			);
		};
/* End PBXProject section */

/* Begin PBXResourcesBuildPhase section */
		7BDDB330219D0486008939FA /* Resources */ = {
			isa = PBXResourcesBuildPhase;
			buildActionMask = 2147483647;
			files = (
				7BDDB340219D0489008939FA /* LaunchScreen.storyboard in Resources */,
				7BDDB33D219D0489008939FA /* Assets.xcassets in Resources */,
				7B222C13219D40D300AA7BAF /* artists.json in Resources */,
				7BDDB33B219D0486008939FA /* Main.storyboard in Resources */,
			);
			runOnlyForDeploymentPostprocessing = 0;
		};
/* End PBXResourcesBuildPhase section */

/* Begin PBXSourcesBuildPhase section */
		7BDDB32E219D0486008939FA /* Sources */ = {
			isa = PBXSourcesBuildPhase;
			buildActionMask = 2147483647;
			files = (
				7B222C12219D1A2C00AA7BAF /* Work.swift in Sources */,
				7B222C08219D18A500AA7BAF /* WorkTableViewCell.swift in Sources */,
				7BDDB338219D0486008939FA /* ViewController.swift in Sources */,
				7B222C0B219D18ED00AA7BAF /* ArtistListViewController.swift in Sources */,
				7B222C06219D182000AA7BAF /* ArtistTableViewCell.swift in Sources */,
				7B222C0D219D1A0E00AA7BAF /* ArtistDetailViewController.swift in Sources */,
				7BDDB336219D0486008939FA /* AppDelegate.swift in Sources */,
				7B222C10219D1A2400AA7BAF /* Artist.swift in Sources */,
			);
			runOnlyForDeploymentPostprocessing = 0;
		};
/* End PBXSourcesBuildPhase section */

/* Begin PBXVariantGroup section */
		7BDDB339219D0486008939FA /* Main.storyboard */ = {
			isa = PBXVariantGroup;
			children = (
				7BDDB33A219D0486008939FA /* Base */,
			);
			name = Main.storyboard;
			sourceTree = "<group>";
		};
		7BDDB33E219D0489008939FA /* LaunchScreen.storyboard */ = {
			isa = PBXVariantGroup;
			children = (
				7BDDB33F219D0489008939FA /* Base */,
			);
			name = LaunchScreen.storyboard;
			sourceTree = "<group>";
		};
/* End PBXVariantGroup section */

/* Begin XCBuildConfiguration section */
		7BDDB342219D0489008939FA /* Debug */ = {
			isa = XCBuildConfiguration;
			buildSettings = {
				ALWAYS_SEARCH_USER_PATHS = NO;
				CLANG_ANALYZER_NONNULL = YES;
				CLANG_ANALYZER_NUMBER_OBJECT_CONVERSION = YES_AGGRESSIVE;
				CLANG_CXX_LANGUAGE_STANDARD = "gnu++14";
				CLANG_CXX_LIBRARY = "libc++";
				CLANG_ENABLE_MODULES = YES;
				CLANG_ENABLE_OBJC_ARC = YES;
				CLANG_ENABLE_OBJC_WEAK = YES;
				CLANG_WARN_BLOCK_CAPTURE_AUTORELEASING = YES;
				CLANG_WARN_BOOL_CONVERSION = YES;
				CLANG_WARN_COMMA = YES;
				CLANG_WARN_CONSTANT_CONVERSION = YES;
				CLANG_WARN_DEPRECATED_OBJC_IMPLEMENTATIONS = YES;
				CLANG_WARN_DIRECT_OBJC_ISA_USAGE = YES_ERROR;
				CLANG_WARN_DOCUMENTATION_COMMENTS = YES;
				CLANG_WARN_EMPTY_BODY = YES;
				CLANG_WARN_ENUM_CONVERSION = YES;
				CLANG_WARN_INFINITE_RECURSION = YES;
				CLANG_WARN_INT_CONVERSION = YES;
				CLANG_WARN_NON_LITERAL_NULL_CONVERSION = YES;
				CLANG_WARN_OBJC_IMPLICIT_RETAIN_SELF = YES;
				CLANG_WARN_OBJC_LITERAL_CONVERSION = YES;
				CLANG_WARN_OBJC_ROOT_CLASS = YES_ERROR;
				CLANG_WARN_RANGE_LOOP_ANALYSIS = YES;
				CLANG_WARN_STRICT_PROTOTYPES = YES;
				CLANG_WARN_SUSPICIOUS_MOVE = YES;
				CLANG_WARN_UNGUARDED_AVAILABILITY = YES_AGGRESSIVE;
				CLANG_WARN_UNREACHABLE_CODE = YES;
				CLANG_WARN__DUPLICATE_METHOD_MATCH = YES;
				CODE_SIGN_IDENTITY = "iPhone Developer";
				COPY_PHASE_STRIP = NO;
				DEBUG_INFORMATION_FORMAT = dwarf;
				ENABLE_STRICT_OBJC_MSGSEND = YES;
				ENABLE_TESTABILITY = YES;
				GCC_C_LANGUAGE_STANDARD = gnu11;
				GCC_DYNAMIC_NO_PIC = NO;
				GCC_NO_COMMON_BLOCKS = YES;
				GCC_OPTIMIZATION_LEVEL = 0;
				GCC_PREPROCESSOR_DEFINITIONS = (
					"DEBUG=1",
					"$(inherited)",
				);
				GCC_WARN_64_TO_32_BIT_CONVERSION = YES;
				GCC_WARN_ABOUT_RETURN_TYPE = YES_ERROR;
				GCC_WARN_UNDECLARED_SELECTOR = YES;
				GCC_WARN_UNINITIALIZED_AUTOS = YES_AGGRESSIVE;
				GCC_WARN_UNUSED_FUNCTION = YES;
				GCC_WARN_UNUSED_VARIABLE = YES;
				IPHONEOS_DEPLOYMENT_TARGET = 12.0;
				MTL_ENABLE_DEBUG_INFO = INCLUDE_SOURCE;
				MTL_FAST_MATH = YES;
				ONLY_ACTIVE_ARCH = YES;
				SDKROOT = iphoneos;
				SWIFT_ACTIVE_COMPILATION_CONDITIONS = DEBUG;
				SWIFT_OPTIMIZATION_LEVEL = "-Onone";
			};
			name = Debug;
		};
		7BDDB343219D0489008939FA /* Release */ = {
			isa = XCBuildConfiguration;
			buildSettings = {
				ALWAYS_SEARCH_USER_PATHS = NO;
				CLANG_ANALYZER_NONNULL = YES;
				CLANG_ANALYZER_NUMBER_OBJECT_CONVERSION = YES_AGGRESSIVE;
				CLANG_CXX_LANGUAGE_STANDARD = "gnu++14";
				CLANG_CXX_LIBRARY = "libc++";
				CLANG_ENABLE_MODULES = YES;
				CLANG_ENABLE_OBJC_ARC = YES;
				CLANG_ENABLE_OBJC_WEAK = YES;
				CLANG_WARN_BLOCK_CAPTURE_AUTORELEASING = YES;
				CLANG_WARN_BOOL_CONVERSION = YES;
				CLANG_WARN_COMMA = YES;
				CLANG_WARN_CONSTANT_CONVERSION = YES;
				CLANG_WARN_DEPRECATED_OBJC_IMPLEMENTATIONS = YES;
				CLANG_WARN_DIRECT_OBJC_ISA_USAGE = YES_ERROR;
				CLANG_WARN_DOCUMENTATION_COMMENTS = YES;
				CLANG_WARN_EMPTY_BODY = YES;
				CLANG_WARN_ENUM_CONVERSION = YES;
				CLANG_WARN_INFINITE_RECURSION = YES;
				CLANG_WARN_INT_CONVERSION = YES;
				CLANG_WARN_NON_LITERAL_NULL_CONVERSION = YES;
				CLANG_WARN_OBJC_IMPLICIT_RETAIN_SELF = YES;
				CLANG_WARN_OBJC_LITERAL_CONVERSION = YES;
				CLANG_WARN_OBJC_ROOT_CLASS = YES_ERROR;
				CLANG_WARN_RANGE_LOOP_ANALYSIS = YES;
				CLANG_WARN_STRICT_PROTOTYPES = YES;
				CLANG_WARN_SUSPICIOUS_MOVE = YES;
				CLANG_WARN_UNGUARDED_AVAILABILITY = YES_AGGRESSIVE;
				CLANG_WARN_UNREACHABLE_CODE = YES;
				CLANG_WARN__DUPLICATE_METHOD_MATCH = YES;
				CODE_SIGN_IDENTITY = "iPhone Developer";
				COPY_PHASE_STRIP = NO;
				DEBUG_INFORMATION_FORMAT = "dwarf-with-dsym";
				ENABLE_NS_ASSERTIONS = NO;
				ENABLE_STRICT_OBJC_MSGSEND = YES;
				GCC_C_LANGUAGE_STANDARD = gnu11;
				GCC_NO_COMMON_BLOCKS = YES;
				GCC_WARN_64_TO_32_BIT_CONVERSION = YES;
				GCC_WARN_ABOUT_RETURN_TYPE = YES_ERROR;
				GCC_WARN_UNDECLARED_SELECTOR = YES;
				GCC_WARN_UNINITIALIZED_AUTOS = YES_AGGRESSIVE;
				GCC_WARN_UNUSED_FUNCTION = YES;
				GCC_WARN_UNUSED_VARIABLE = YES;
				IPHONEOS_DEPLOYMENT_TARGET = 12.0;
				MTL_ENABLE_DEBUG_INFO = NO;
				MTL_FAST_MATH = YES;
				SDKROOT = iphoneos;
				SWIFT_COMPILATION_MODE = wholemodule;
				SWIFT_OPTIMIZATION_LEVEL = "-O";
				VALIDATE_PRODUCT = YES;
			};
			name = Release;
		};
		7BDDB345219D0489008939FA /* Debug */ = {
			isa = XCBuildConfiguration;
			buildSettings = {
				ASSETCATALOG_COMPILER_APPICON_NAME = AppIcon;
				CODE_SIGN_STYLE = Manual;
				DEVELOPMENT_TEAM = "";
				INFOPLIST_FILE = "Project 05 - Artistry/Info.plist";
				IPHONEOS_DEPLOYMENT_TARGET = 9.0;
				LD_RUNPATH_SEARCH_PATHS = (
					"$(inherited)",
					"@executable_path/Frameworks",
				);
				PRODUCT_BUNDLE_IDENTIFIER = "dev.qin.Project-05---Artistry";
				PRODUCT_NAME = "$(TARGET_NAME)";
				PROVISIONING_PROFILE_SPECIFIER = "";
				SWIFT_VERSION = 4.2;
				TARGETED_DEVICE_FAMILY = "1,2";
			};
			name = Debug;
		};
		7BDDB346219D0489008939FA /* Release */ = {
			isa = XCBuildConfiguration;
			buildSettings = {
				ASSETCATALOG_COMPILER_APPICON_NAME = AppIcon;
				CODE_SIGN_STYLE = Manual;
				DEVELOPMENT_TEAM = "";
				INFOPLIST_FILE = "Project 05 - Artistry/Info.plist";
				IPHONEOS_DEPLOYMENT_TARGET = 9.0;
				LD_RUNPATH_SEARCH_PATHS = (
					"$(inherited)",
					"@executable_path/Frameworks",
				);
				PRODUCT_BUNDLE_IDENTIFIER = "dev.qin.Project-05---Artistry";
				PRODUCT_NAME = "$(TARGET_NAME)";
				PROVISIONING_PROFILE_SPECIFIER = "";
				SWIFT_VERSION = 4.2;
				TARGETED_DEVICE_FAMILY = "1,2";
			};
			name = Release;
		};
/* End XCBuildConfiguration section */

/* Begin XCConfigurationList section */
		7BDDB32D219D0486008939FA /* Build configuration list for PBXProject "Project 05 - Artistry" */ = {
			isa = XCConfigurationList;
			buildConfigurations = (
				7BDDB342219D0489008939FA /* Debug */,
				7BDDB343219D0489008939FA /* Release */,
			);
			defaultConfigurationIsVisible = 0;
			defaultConfigurationName = Release;
		};
		7BDDB344219D0489008939FA /* Build configuration list for PBXNativeTarget "Project 05 - Artistry" */ = {
			isa = XCConfigurationList;
			buildConfigurations = (
				7BDDB345219D0489008939FA /* Debug */,
				7BDDB346219D0489008939FA /* Release */,
			);
			defaultConfigurationIsVisible = 0;
			defaultConfigurationName = Release;
		};
/* End XCConfigurationList section */
	};
	rootObject = 7BDDB32A219D0486008939FA /* Project object */;
}
